
Microsoft Visual Studio Solution File, Format Version 12.00
# Visual Studio Version 17
VisualStudioVersion = 17.0.32602.201
MinimumVisualStudioVersion = 10.0.40219.1
Project("{9A19103F-16F7-4668-BE54-9A1E7A4F7556}") = "YuShiITSSDK.Builder", "AppBuilder\YuShiITSSDK.Builder\YuShiITSSDK.Builder.csproj", "{0ECAF690-C662-469B-A377-0CD3D104E68B}"
EndProject
Project("{9A19103F-16F7-4668-BE54-9A1E7A4F7556}") = "YuShiITSSDK", "YuShiITSSDK\YuShiITSSDK.csproj", "{CAEA2F99-2C54-4C7D-A7BB-CD3351C476B0}"
EndProject
Project("{9A19103F-16F7-4668-BE54-9A1E7A4F7556}") = "YuShiITSSDK.NWpfUI", "AppDemo\YuShiITSSDK\wpf\YuShiITSSDK.NWpfUI.csproj", "{77126AEC-C700-4768-B9B4-F8DD46CADDBF}"
EndProject
Project("{9A19103F-16F7-4668-BE54-9A1E7A4F7556}") = "YuShiITSSDK.NWinFormUI", "AppDemo\YuShiITSSDK\WinForm\YuShiITSSDK.NWinFormUI.csproj", "{61104F24-47A4-4A21-A64F-61B682D66289}"
EndProject
Project("{2150E333-8FDC-42A3-9474-1A3956D46DE8}") = "YuShi", "YuShi", "{A41339B8-C769-4A33-BAA9-0C69F5389F3C}"
EndProject
Project("{2150E333-8FDC-42A3-9474-1A3956D46DE8}") = "DeYa", "DeYa", "{0C213296-0575-4388-9A9E-6F367F286F1C}"
EndProject
Project("{9A19103F-16F7-4668-BE54-9A1E7A4F7556}") = "DeYaIceIpcSDK", "DeYaIceIpcSDK\DeYaIceIpcSDK.csproj", "{16C7E26E-C5E8-4041-B15E-343F4FE07569}"
EndProject
Project("{9A19103F-16F7-4668-BE54-9A1E7A4F7556}") = "DeYaLpnrSDK", "DeYaLpnrSDK\DeYaLpnrSDK.csproj", "{AE8845FF-D49B-4650-B73A-1249D07B018A}"
EndProject
Project("{9A19103F-16F7-4668-BE54-9A1E7A4F7556}") = "DeYaLpnrSDK.WinForm", "AppDemo\DeYaLpnrSDK\WinForm\DeYaLpnrSDK.WinForm.csproj", "{BF5F2718-4502-4C11-9457-8A94BE05FDA9}"
EndProject
Project("{9A19103F-16F7-4668-BE54-9A1E7A4F7556}") = "DeYaIceIpcSDK.WinForm", "AppDemo\DeYaIceIpcSDK\WinForm\DeYaIceIpcSDK.WinForm.csproj", "{0471852A-E87B-4511-B5A7-7F603C575DC9}"
EndProject
Project("{2150E333-8FDC-42A3-9474-1A3956D46DE8}") = "HuaDa", "HuaDa", "{A6FF0190-83D8-4230-93BB-0307DE69A083}"
EndProject
Project("{9A19103F-16F7-4668-BE54-9A1E7A4F7556}") = "HDSSSESDK", "HDSSSESDK\HDSSSESDK\HDSSSESDK.csproj", "{CD56F4C6-7FB2-41C7-9449-D0B70C1F5309}"
EndProject
Project("{9A19103F-16F7-4668-BE54-9A1E7A4F7556}") = "HDSSSEEXE", "HDSSSESDK\HDSSSEEXE\HDSSSEEXE.csproj", "{D5B8D5A1-1A15-489C-8D2F-448A281B7D87}"
EndProject
Global
	GlobalSection(SolutionConfigurationPlatforms) = preSolution
		Debug|Any CPU = Debug|Any CPU
		Release|Any CPU = Release|Any CPU
	EndGlobalSection
	GlobalSection(ProjectConfigurationPlatforms) = postSolution
		{0ECAF690-C662-469B-A377-0CD3D104E68B}.Debug|Any CPU.ActiveCfg = Debug|Any CPU
		{0ECAF690-C662-469B-A377-0CD3D104E68B}.Debug|Any CPU.Build.0 = Debug|Any CPU
		{0ECAF690-C662-469B-A377-0CD3D104E68B}.Release|Any CPU.ActiveCfg = Release|Any CPU
		{0ECAF690-C662-469B-A377-0CD3D104E68B}.Release|Any CPU.Build.0 = Release|Any CPU
		{CAEA2F99-2C54-4C7D-A7BB-CD3351C476B0}.Debug|Any CPU.ActiveCfg = Debug|Any CPU
		{CAEA2F99-2C54-4C7D-A7BB-CD3351C476B0}.Debug|Any CPU.Build.0 = Debug|Any CPU
		{CAEA2F99-2C54-4C7D-A7BB-CD3351C476B0}.Release|Any CPU.ActiveCfg = Release|Any CPU
		{CAEA2F99-2C54-4C7D-A7BB-CD3351C476B0}.Release|Any CPU.Build.0 = Release|Any CPU
		{77126AEC-C700-4768-B9B4-F8DD46CADDBF}.Debug|Any CPU.ActiveCfg = Debug|Any CPU
		{77126AEC-C700-4768-B9B4-F8DD46CADDBF}.Debug|Any CPU.Build.0 = Debug|Any CPU
		{77126AEC-C700-4768-B9B4-F8DD46CADDBF}.Release|Any CPU.ActiveCfg = Release|Any CPU
		{77126AEC-C700-4768-B9B4-F8DD46CADDBF}.Release|Any CPU.Build.0 = Release|Any CPU
		{61104F24-47A4-4A21-A64F-61B682D66289}.Debug|Any CPU.ActiveCfg = Debug|Any CPU
		{61104F24-47A4-4A21-A64F-61B682D66289}.Debug|Any CPU.Build.0 = Debug|Any CPU
		{61104F24-47A4-4A21-A64F-61B682D66289}.Release|Any CPU.ActiveCfg = Release|Any CPU
		{61104F24-47A4-4A21-A64F-61B682D66289}.Release|Any CPU.Build.0 = Release|Any CPU
		{16C7E26E-C5E8-4041-B15E-343F4FE07569}.Debug|Any CPU.ActiveCfg = Debug|Any CPU
		{16C7E26E-C5E8-4041-B15E-343F4FE07569}.Debug|Any CPU.Build.0 = Debug|Any CPU
		{16C7E26E-C5E8-4041-B15E-343F4FE07569}.Release|Any CPU.ActiveCfg = Release|Any CPU
		{16C7E26E-C5E8-4041-B15E-343F4FE07569}.Release|Any CPU.Build.0 = Release|Any CPU
		{AE8845FF-D49B-4650-B73A-1249D07B018A}.Debug|Any CPU.ActiveCfg = Debug|Any CPU
		{AE8845FF-D49B-4650-B73A-1249D07B018A}.Debug|Any CPU.Build.0 = Debug|Any CPU
		{AE8845FF-D49B-4650-B73A-1249D07B018A}.Release|Any CPU.ActiveCfg = Release|Any CPU
		{AE8845FF-D49B-4650-B73A-1249D07B018A}.Release|Any CPU.Build.0 = Release|Any CPU
		{BF5F2718-4502-4C11-9457-8A94BE05FDA9}.Debug|Any CPU.ActiveCfg = Debug|Any CPU
		{BF5F2718-4502-4C11-9457-8A94BE05FDA9}.Debug|Any CPU.Build.0 = Debug|Any CPU
		{BF5F2718-4502-4C11-9457-8A94BE05FDA9}.Release|Any CPU.ActiveCfg = Release|Any CPU
		{BF5F2718-4502-4C11-9457-8A94BE05FDA9}.Release|Any CPU.Build.0 = Release|Any CPU
		{0471852A-E87B-4511-B5A7-7F603C575DC9}.Debug|Any CPU.ActiveCfg = Debug|Any CPU
		{0471852A-E87B-4511-B5A7-7F603C575DC9}.Debug|Any CPU.Build.0 = Debug|Any CPU
		{0471852A-E87B-4511-B5A7-7F603C575DC9}.Release|Any CPU.ActiveCfg = Release|Any CPU
		{0471852A-E87B-4511-B5A7-7F603C575DC9}.Release|Any CPU.Build.0 = Release|Any CPU
		{CD56F4C6-7FB2-41C7-9449-D0B70C1F5309}.Debug|Any CPU.ActiveCfg = Debug|Any CPU
		{CD56F4C6-7FB2-41C7-9449-D0B70C1F5309}.Debug|Any CPU.Build.0 = Debug|Any CPU
		{CD56F4C6-7FB2-41C7-9449-D0B70C1F5309}.Release|Any CPU.ActiveCfg = Release|Any CPU
		{CD56F4C6-7FB2-41C7-9449-D0B70C1F5309}.Release|Any CPU.Build.0 = Release|Any CPU
		{D5B8D5A1-1A15-489C-8D2F-448A281B7D87}.Debug|Any CPU.ActiveCfg = Debug|Any CPU
		{D5B8D5A1-1A15-489C-8D2F-448A281B7D87}.Debug|Any CPU.Build.0 = Debug|Any CPU
		{D5B8D5A1-1A15-489C-8D2F-448A281B7D87}.Release|Any CPU.ActiveCfg = Release|Any CPU
		{D5B8D5A1-1A15-489C-8D2F-448A281B7D87}.Release|Any CPU.Build.0 = Release|Any CPU
	EndGlobalSection
	GlobalSection(SolutionProperties) = preSolution
		HideSolutionNode = FALSE
	EndGlobalSection
	GlobalSection(NestedProjects) = preSolution
		{0ECAF690-C662-469B-A377-0CD3D104E68B} = {A41339B8-C769-4A33-BAA9-0C69F5389F3C}
		{CAEA2F99-2C54-4C7D-A7BB-CD3351C476B0} = {A41339B8-C769-4A33-BAA9-0C69F5389F3C}
		{77126AEC-C700-4768-B9B4-F8DD46CADDBF} = {A41339B8-C769-4A33-BAA9-0C69F5389F3C}
		{61104F24-47A4-4A21-A64F-61B682D66289} = {A41339B8-C769-4A33-BAA9-0C69F5389F3C}
		{16C7E26E-C5E8-4041-B15E-343F4FE07569} = {0C213296-0575-4388-9A9E-6F367F286F1C}
		{AE8845FF-D49B-4650-B73A-1249D07B018A} = {0C213296-0575-4388-9A9E-6F367F286F1C}
		{BF5F2718-4502-4C11-9457-8A94BE05FDA9} = {0C213296-0575-4388-9A9E-6F367F286F1C}
		{0471852A-E87B-4511-B5A7-7F603C575DC9} = {0C213296-0575-4388-9A9E-6F367F286F1C}
		{CD56F4C6-7FB2-41C7-9449-D0B70C1F5309} = {A6FF0190-83D8-4230-93BB-0307DE69A083}
		{D5B8D5A1-1A15-489C-8D2F-448A281B7D87} = {A6FF0190-83D8-4230-93BB-0307DE69A083}
	EndGlobalSection
	GlobalSection(ExtensibilityGlobals) = postSolution
		SolutionGuid = {7DE9592B-21B7-4EAA-A52D-1D9B6388C103}
	EndGlobalSection
EndGlobal
