
Microsoft Visual Studio Solution File, Format Version 12.00
# Visual Studio Version 17
VisualStudioVersion = 17.0.32602.201
MinimumVisualStudioVersion = 10.0.40219.1
Project("{9A19103F-16F7-4668-BE54-9A1E7A4F7556}") = "YuShiITSSDK.Builder", "AppBuilder\YuShiITSSDK.Builder\YuShiITSSDK.Builder.csproj", "{0ECAF690-C662-469B-A377-0CD3D104E68B}"
EndProject
Project("{9A19103F-16F7-4668-BE54-9A1E7A4F7556}") = "YuShiITSSDK", "YuShiITSSDK\YuShiITSSDK.csproj", "{CAEA2F99-2C54-4C7D-A7BB-CD3351C476B0}"
EndProject
Project("{9A19103F-16F7-4668-BE54-9A1E7A4F7556}") = "YuShiITSSDK.NWpfUI", "AppDemo\YuShiITSSDK\wpf\YuShiITSSDK.NWpfUI.csproj", "{77126AEC-C700-4768-B9B4-F8DD46CADDBF}"
EndProject
Project("{9A19103F-16F7-4668-BE54-9A1E7A4F7556}") = "YuShiITSSDK.NWinFormUI", "AppDemo\YuShiITSSDK\WinForm\YuShiITSSDK.NWinFormUI.csproj", "{61104F24-47A4-4A21-A64F-61B682D66289}"
EndProject
Project("{2150E333-8FDC-42A3-9474-1A3956D46DE8}") = "YuShi", "YuShi", "{A41339B8-C769-4A33-BAA9-0C69F5389F3C}"
EndProject
Project("{2150E333-8FDC-42A3-9474-1A3956D46DE8}") = "DeYa", "DeYa", "{0C213296-0575-4388-9A9E-6F367F286F1C}"
EndProject
Project("{9A19103F-16F7-4668-BE54-9A1E7A4F7556}") = "DeYaIceIpcSDK", "DeYaIceIpcSDK\DeYaIceIpcSDK.csproj", "{16C7E26E-C5E8-4041-B15E-343F4FE07569}"
EndProject
Project("{9A19103F-16F7-4668-BE54-9A1E7A4F7556}") = "DeYaLpnrSDK", "DeYaLpnrSDK\DeYaLpnrSDK.csproj", "{AE8845FF-D49B-4650-B73A-1249D07B018A}"
EndProject
Project("{9A19103F-16F7-4668-BE54-9A1E7A4F7556}") = "DeYaLpnrSDK.WinForm", "AppDemo\DeYaLpnrSDK\WinForm\DeYaLpnrSDK.WinForm.csproj", "{BF5F2718-4502-4C11-9457-8A94BE05FDA9}"
EndProject
Project("{9A19103F-16F7-4668-BE54-9A1E7A4F7556}") = "DeYaIceIpcSDK.WinForm", "AppDemo\DeYaIceIpcSDK\WinForm\DeYaIceIpcSDK.WinForm.csproj", "{0471852A-E87B-4511-B5A7-7F603C575DC9}"
EndProject
Project("{2150E333-8FDC-42A3-9474-1A3956D46DE8}") = "HuaDa", "HuaDa", "{A6FF0190-83D8-4230-93BB-0307DE69A083}"
EndProject
Project("{9A19103F-16F7-4668-BE54-9A1E7A4F7556}") = "HDSSSESDK", "HDSSSESDK\HDSSSESDK\HDSSSESDK.csproj", "{CD56F4C6-7FB2-41C7-9449-D0B70C1F5309}"
EndProject
Project("{9A19103F-16F7-4668-BE54-9A1E7A4F7556}") = "HDSSSEEXE", "HDSSSESDK\HDSSSEEXE\HDSSSEEXE.csproj", "{D5B8D5A1-1A15-489C-8D2F-448A281B7D87}"
EndProject
Project("{9A19103F-16F7-4668-BE54-9A1E7A4F7556}") = "DeYaAlbCtrlSDK", "DeYaAlbCtrlSDK\DeYaAlbCtrlSDK.csproj", "{C0CAB20E-001A-4AC5-A78E-C6E43B66F276}"
EndProject
Project("{9A19103F-16F7-4668-BE54-9A1E7A4F7556}") = "YuShiNetDevSDK.Builder", "AppBuilder\YuShiNetDevSDK.Builder\YuShiNetDevSDK.Builder.csproj", "{EC0132BE-BB3F-4C84-A13A-53E577A89EB9}"
EndProject
Project("{9A19103F-16F7-4668-BE54-9A1E7A4F7556}") = "YuShiNetDevSDK", "YuShiNetDevSDK\YuShiNetDevSDK.csproj", "{A5397D01-3733-44B7-A985-7946D680CC91}"
EndProject
Project("{9A19103F-16F7-4668-BE54-9A1E7A4F7556}") = "DeYaAlbCtrlSDK.WinForm", "AppDemo\DeYaAlbCtrlSDK\WinForm\DeYaAlbCtrlSDK.WinForm.csproj", "{338356AE-B80C-4CEE-A398-0F9B1ECC4D12}"
EndProject
Project("{2150E333-8FDC-42A3-9474-1A3956D46DE8}") = "KangMei", "KangMei", "{3478F068-A686-4309-891F-A2C59C8EA2BD}"
EndProject
Project("{9A19103F-16F7-4668-BE54-9A1E7A4F7556}") = "KangMeiIPGBSDK", "KangMeiIPGBSDK\KangMeiIPGBSDK.csproj", "{BB2579C9-6A03-4539-826C-51B15494C3D2}"
EndProject
Project("{2150E333-8FDC-42A3-9474-1A3956D46DE8}") = "WeiGuang", "WeiGuang", "{9D810F23-9F6B-43C1-8EE7-4C4116802AFE}"
EndProject
Project("{9A19103F-16F7-4668-BE54-9A1E7A4F7556}") = "WeiGuangCodeBarSDK", "WeiGuangCodeBarSDK\WeiGuangCodeBarSDK.csproj", "{EBD5FE92-7278-40B4-961D-D29B4E86AC07}"
EndProject
Project("{9A19103F-16F7-4668-BE54-9A1E7A4F7556}") = "WeiGuangCodeBarSDK.WinForm", "AppDemo\WeiGuangCodeBarSDK\WinForm\WeiGuangCodeBarSDK.WinForm.csproj", "{89A0CB10-E018-4996-8C92-DC0F5464775E}"
EndProject
Project("{9A19103F-16F7-4668-BE54-9A1E7A4F7556}") = "KangMeiIPGBSDK.WinForm", "AppDemo\KangMeiIPGBSDK\WinForm\KangMeiIPGBSDK.WinForm.csproj", "{C02071F5-2E44-403D-A2CA-6B8382CE7AE7}"
EndProject
Project("{9A19103F-16F7-4668-BE54-9A1E7A4F7556}") = "HDSSSESDK.WinForm", "AppDemo\HDSSSESDK\WinForm\HDSSSESDK.WinForm.csproj", "{82F7FDF4-AF5B-4460-811D-25B503191EE5}"
EndProject
Project("{2150E333-8FDC-42A3-9474-1A3956D46DE8}") = "Modbus", "Modbus", "{E5DEF2FA-D829-49AC-9516-9377941BC2F2}"
EndProject
Project("{2150E333-8FDC-42A3-9474-1A3956D46DE8}") = "ShenBan", "ShenBan", "{3C28687E-B73F-4F38-B330-22871CCB32F6}"
EndProject
Project("{9A19103F-16F7-4668-BE54-9A1E7A4F7556}") = "System.Data.ShenBanReader", "ShenBanReader\System.Data.ShenBanReader.csproj", "{35B47B53-82CA-4A98-B836-EDEB67D89431}"
EndProject
Project("{9A19103F-16F7-4668-BE54-9A1E7A4F7556}") = "EModbusSDK", "EModbusSDK\EModbusSDK.csproj", "{E1F07834-0A6D-456F-AC2A-1E80D471C0F1}"
EndProject
Project("{9A19103F-16F7-4668-BE54-9A1E7A4F7556}") = "ESerialPortSDK", "ESerialPortSDK\ESerialPortSDK.csproj", "{A78A3E76-5323-42FB-A146-EE1C5C238701}"
EndProject
Project("{2150E333-8FDC-42A3-9474-1A3956D46DE8}") = "SerialPort", "SerialPort", "{052E2886-38DF-4248-B3FF-C4C7439A6EBB}"
EndProject
Global
	GlobalSection(SolutionConfigurationPlatforms) = preSolution
		Debug|Any CPU = Debug|Any CPU
		Debug|x64 = Debug|x64
		Debug|x86 = Debug|x86
		Release|Any CPU = Release|Any CPU
		Release|x64 = Release|x64
		Release|x86 = Release|x86
	EndGlobalSection
	GlobalSection(ProjectConfigurationPlatforms) = postSolution
		{0ECAF690-C662-469B-A377-0CD3D104E68B}.Debug|Any CPU.ActiveCfg = Debug|Any CPU
		{0ECAF690-C662-469B-A377-0CD3D104E68B}.Debug|Any CPU.Build.0 = Debug|Any CPU
		{0ECAF690-C662-469B-A377-0CD3D104E68B}.Debug|x64.ActiveCfg = Debug|Any CPU
		{0ECAF690-C662-469B-A377-0CD3D104E68B}.Debug|x64.Build.0 = Debug|Any CPU
		{0ECAF690-C662-469B-A377-0CD3D104E68B}.Debug|x86.ActiveCfg = Debug|Any CPU
		{0ECAF690-C662-469B-A377-0CD3D104E68B}.Debug|x86.Build.0 = Debug|Any CPU
		{0ECAF690-C662-469B-A377-0CD3D104E68B}.Release|Any CPU.ActiveCfg = Release|Any CPU
		{0ECAF690-C662-469B-A377-0CD3D104E68B}.Release|Any CPU.Build.0 = Release|Any CPU
		{0ECAF690-C662-469B-A377-0CD3D104E68B}.Release|x64.ActiveCfg = Release|Any CPU
		{0ECAF690-C662-469B-A377-0CD3D104E68B}.Release|x64.Build.0 = Release|Any CPU
		{0ECAF690-C662-469B-A377-0CD3D104E68B}.Release|x86.ActiveCfg = Release|Any CPU
		{0ECAF690-C662-469B-A377-0CD3D104E68B}.Release|x86.Build.0 = Release|Any CPU
		{CAEA2F99-2C54-4C7D-A7BB-CD3351C476B0}.Debug|Any CPU.ActiveCfg = Debug|Any CPU
		{CAEA2F99-2C54-4C7D-A7BB-CD3351C476B0}.Debug|Any CPU.Build.0 = Debug|Any CPU
		{CAEA2F99-2C54-4C7D-A7BB-CD3351C476B0}.Debug|x64.ActiveCfg = Debug|Any CPU
		{CAEA2F99-2C54-4C7D-A7BB-CD3351C476B0}.Debug|x64.Build.0 = Debug|Any CPU
		{CAEA2F99-2C54-4C7D-A7BB-CD3351C476B0}.Debug|x86.ActiveCfg = Debug|Any CPU
		{CAEA2F99-2C54-4C7D-A7BB-CD3351C476B0}.Debug|x86.Build.0 = Debug|Any CPU
		{CAEA2F99-2C54-4C7D-A7BB-CD3351C476B0}.Release|Any CPU.ActiveCfg = Release|Any CPU
		{CAEA2F99-2C54-4C7D-A7BB-CD3351C476B0}.Release|Any CPU.Build.0 = Release|Any CPU
		{CAEA2F99-2C54-4C7D-A7BB-CD3351C476B0}.Release|x64.ActiveCfg = Release|Any CPU
		{CAEA2F99-2C54-4C7D-A7BB-CD3351C476B0}.Release|x64.Build.0 = Release|Any CPU
		{CAEA2F99-2C54-4C7D-A7BB-CD3351C476B0}.Release|x86.ActiveCfg = Release|Any CPU
		{CAEA2F99-2C54-4C7D-A7BB-CD3351C476B0}.Release|x86.Build.0 = Release|Any CPU
		{77126AEC-C700-4768-B9B4-F8DD46CADDBF}.Debug|Any CPU.ActiveCfg = Debug|Any CPU
		{77126AEC-C700-4768-B9B4-F8DD46CADDBF}.Debug|Any CPU.Build.0 = Debug|Any CPU
		{77126AEC-C700-4768-B9B4-F8DD46CADDBF}.Debug|x64.ActiveCfg = Debug|Any CPU
		{77126AEC-C700-4768-B9B4-F8DD46CADDBF}.Debug|x64.Build.0 = Debug|Any CPU
		{77126AEC-C700-4768-B9B4-F8DD46CADDBF}.Debug|x86.ActiveCfg = Debug|Any CPU
		{77126AEC-C700-4768-B9B4-F8DD46CADDBF}.Debug|x86.Build.0 = Debug|Any CPU
		{77126AEC-C700-4768-B9B4-F8DD46CADDBF}.Release|Any CPU.ActiveCfg = Release|Any CPU
		{77126AEC-C700-4768-B9B4-F8DD46CADDBF}.Release|Any CPU.Build.0 = Release|Any CPU
		{77126AEC-C700-4768-B9B4-F8DD46CADDBF}.Release|x64.ActiveCfg = Release|Any CPU
		{77126AEC-C700-4768-B9B4-F8DD46CADDBF}.Release|x64.Build.0 = Release|Any CPU
		{77126AEC-C700-4768-B9B4-F8DD46CADDBF}.Release|x86.ActiveCfg = Release|Any CPU
		{77126AEC-C700-4768-B9B4-F8DD46CADDBF}.Release|x86.Build.0 = Release|Any CPU
		{61104F24-47A4-4A21-A64F-61B682D66289}.Debug|Any CPU.ActiveCfg = Debug|Any CPU
		{61104F24-47A4-4A21-A64F-61B682D66289}.Debug|Any CPU.Build.0 = Debug|Any CPU
		{61104F24-47A4-4A21-A64F-61B682D66289}.Debug|x64.ActiveCfg = Debug|Any CPU
		{61104F24-47A4-4A21-A64F-61B682D66289}.Debug|x64.Build.0 = Debug|Any CPU
		{61104F24-47A4-4A21-A64F-61B682D66289}.Debug|x86.ActiveCfg = Debug|Any CPU
		{61104F24-47A4-4A21-A64F-61B682D66289}.Debug|x86.Build.0 = Debug|Any CPU
		{61104F24-47A4-4A21-A64F-61B682D66289}.Release|Any CPU.ActiveCfg = Release|Any CPU
		{61104F24-47A4-4A21-A64F-61B682D66289}.Release|Any CPU.Build.0 = Release|Any CPU
		{61104F24-47A4-4A21-A64F-61B682D66289}.Release|x64.ActiveCfg = Release|Any CPU
		{61104F24-47A4-4A21-A64F-61B682D66289}.Release|x64.Build.0 = Release|Any CPU
		{61104F24-47A4-4A21-A64F-61B682D66289}.Release|x86.ActiveCfg = Release|Any CPU
		{61104F24-47A4-4A21-A64F-61B682D66289}.Release|x86.Build.0 = Release|Any CPU
		{16C7E26E-C5E8-4041-B15E-343F4FE07569}.Debug|Any CPU.ActiveCfg = Debug|Any CPU
		{16C7E26E-C5E8-4041-B15E-343F4FE07569}.Debug|Any CPU.Build.0 = Debug|Any CPU
		{16C7E26E-C5E8-4041-B15E-343F4FE07569}.Debug|x64.ActiveCfg = Debug|Any CPU
		{16C7E26E-C5E8-4041-B15E-343F4FE07569}.Debug|x64.Build.0 = Debug|Any CPU
		{16C7E26E-C5E8-4041-B15E-343F4FE07569}.Debug|x86.ActiveCfg = Debug|Any CPU
		{16C7E26E-C5E8-4041-B15E-343F4FE07569}.Debug|x86.Build.0 = Debug|Any CPU
		{16C7E26E-C5E8-4041-B15E-343F4FE07569}.Release|Any CPU.ActiveCfg = Release|Any CPU
		{16C7E26E-C5E8-4041-B15E-343F4FE07569}.Release|Any CPU.Build.0 = Release|Any CPU
		{16C7E26E-C5E8-4041-B15E-343F4FE07569}.Release|x64.ActiveCfg = Release|Any CPU
		{16C7E26E-C5E8-4041-B15E-343F4FE07569}.Release|x64.Build.0 = Release|Any CPU
		{16C7E26E-C5E8-4041-B15E-343F4FE07569}.Release|x86.ActiveCfg = Release|Any CPU
		{16C7E26E-C5E8-4041-B15E-343F4FE07569}.Release|x86.Build.0 = Release|Any CPU
		{AE8845FF-D49B-4650-B73A-1249D07B018A}.Debug|Any CPU.ActiveCfg = Debug|Any CPU
		{AE8845FF-D49B-4650-B73A-1249D07B018A}.Debug|Any CPU.Build.0 = Debug|Any CPU
		{AE8845FF-D49B-4650-B73A-1249D07B018A}.Debug|x64.ActiveCfg = Debug|Any CPU
		{AE8845FF-D49B-4650-B73A-1249D07B018A}.Debug|x64.Build.0 = Debug|Any CPU
		{AE8845FF-D49B-4650-B73A-1249D07B018A}.Debug|x86.ActiveCfg = Debug|Any CPU
		{AE8845FF-D49B-4650-B73A-1249D07B018A}.Debug|x86.Build.0 = Debug|Any CPU
		{AE8845FF-D49B-4650-B73A-1249D07B018A}.Release|Any CPU.ActiveCfg = Release|Any CPU
		{AE8845FF-D49B-4650-B73A-1249D07B018A}.Release|Any CPU.Build.0 = Release|Any CPU
		{AE8845FF-D49B-4650-B73A-1249D07B018A}.Release|x64.ActiveCfg = Release|Any CPU
		{AE8845FF-D49B-4650-B73A-1249D07B018A}.Release|x64.Build.0 = Release|Any CPU
		{AE8845FF-D49B-4650-B73A-1249D07B018A}.Release|x86.ActiveCfg = Release|Any CPU
		{AE8845FF-D49B-4650-B73A-1249D07B018A}.Release|x86.Build.0 = Release|Any CPU
		{BF5F2718-4502-4C11-9457-8A94BE05FDA9}.Debug|Any CPU.ActiveCfg = Debug|Any CPU
		{BF5F2718-4502-4C11-9457-8A94BE05FDA9}.Debug|Any CPU.Build.0 = Debug|Any CPU
		{BF5F2718-4502-4C11-9457-8A94BE05FDA9}.Debug|x64.ActiveCfg = Debug|Any CPU
		{BF5F2718-4502-4C11-9457-8A94BE05FDA9}.Debug|x64.Build.0 = Debug|Any CPU
		{BF5F2718-4502-4C11-9457-8A94BE05FDA9}.Debug|x86.ActiveCfg = Debug|Any CPU
		{BF5F2718-4502-4C11-9457-8A94BE05FDA9}.Debug|x86.Build.0 = Debug|Any CPU
		{BF5F2718-4502-4C11-9457-8A94BE05FDA9}.Release|Any CPU.ActiveCfg = Release|Any CPU
		{BF5F2718-4502-4C11-9457-8A94BE05FDA9}.Release|Any CPU.Build.0 = Release|Any CPU
		{BF5F2718-4502-4C11-9457-8A94BE05FDA9}.Release|x64.ActiveCfg = Release|Any CPU
		{BF5F2718-4502-4C11-9457-8A94BE05FDA9}.Release|x64.Build.0 = Release|Any CPU
		{BF5F2718-4502-4C11-9457-8A94BE05FDA9}.Release|x86.ActiveCfg = Release|Any CPU
		{BF5F2718-4502-4C11-9457-8A94BE05FDA9}.Release|x86.Build.0 = Release|Any CPU
		{0471852A-E87B-4511-B5A7-7F603C575DC9}.Debug|Any CPU.ActiveCfg = Debug|Any CPU
		{0471852A-E87B-4511-B5A7-7F603C575DC9}.Debug|Any CPU.Build.0 = Debug|Any CPU
		{0471852A-E87B-4511-B5A7-7F603C575DC9}.Debug|x64.ActiveCfg = Debug|Any CPU
		{0471852A-E87B-4511-B5A7-7F603C575DC9}.Debug|x64.Build.0 = Debug|Any CPU
		{0471852A-E87B-4511-B5A7-7F603C575DC9}.Debug|x86.ActiveCfg = Debug|Any CPU
		{0471852A-E87B-4511-B5A7-7F603C575DC9}.Debug|x86.Build.0 = Debug|Any CPU
		{0471852A-E87B-4511-B5A7-7F603C575DC9}.Release|Any CPU.ActiveCfg = Release|Any CPU
		{0471852A-E87B-4511-B5A7-7F603C575DC9}.Release|Any CPU.Build.0 = Release|Any CPU
		{0471852A-E87B-4511-B5A7-7F603C575DC9}.Release|x64.ActiveCfg = Release|Any CPU
		{0471852A-E87B-4511-B5A7-7F603C575DC9}.Release|x64.Build.0 = Release|Any CPU
		{0471852A-E87B-4511-B5A7-7F603C575DC9}.Release|x86.ActiveCfg = Release|Any CPU
		{0471852A-E87B-4511-B5A7-7F603C575DC9}.Release|x86.Build.0 = Release|Any CPU
		{CD56F4C6-7FB2-41C7-9449-D0B70C1F5309}.Debug|Any CPU.ActiveCfg = Debug|Any CPU
		{CD56F4C6-7FB2-41C7-9449-D0B70C1F5309}.Debug|Any CPU.Build.0 = Debug|Any CPU
		{CD56F4C6-7FB2-41C7-9449-D0B70C1F5309}.Debug|x64.ActiveCfg = Debug|Any CPU
		{CD56F4C6-7FB2-41C7-9449-D0B70C1F5309}.Debug|x64.Build.0 = Debug|Any CPU
		{CD56F4C6-7FB2-41C7-9449-D0B70C1F5309}.Debug|x86.ActiveCfg = Debug|Any CPU
		{CD56F4C6-7FB2-41C7-9449-D0B70C1F5309}.Debug|x86.Build.0 = Debug|Any CPU
		{CD56F4C6-7FB2-41C7-9449-D0B70C1F5309}.Release|Any CPU.ActiveCfg = Release|Any CPU
		{CD56F4C6-7FB2-41C7-9449-D0B70C1F5309}.Release|Any CPU.Build.0 = Release|Any CPU
		{CD56F4C6-7FB2-41C7-9449-D0B70C1F5309}.Release|x64.ActiveCfg = Release|Any CPU
		{CD56F4C6-7FB2-41C7-9449-D0B70C1F5309}.Release|x64.Build.0 = Release|Any CPU
		{CD56F4C6-7FB2-41C7-9449-D0B70C1F5309}.Release|x86.ActiveCfg = Release|Any CPU
		{CD56F4C6-7FB2-41C7-9449-D0B70C1F5309}.Release|x86.Build.0 = Release|Any CPU
		{D5B8D5A1-1A15-489C-8D2F-448A281B7D87}.Debug|Any CPU.ActiveCfg = Debug|Any CPU
		{D5B8D5A1-1A15-489C-8D2F-448A281B7D87}.Debug|Any CPU.Build.0 = Debug|Any CPU
		{D5B8D5A1-1A15-489C-8D2F-448A281B7D87}.Debug|x64.ActiveCfg = Debug|Any CPU
		{D5B8D5A1-1A15-489C-8D2F-448A281B7D87}.Debug|x64.Build.0 = Debug|Any CPU
		{D5B8D5A1-1A15-489C-8D2F-448A281B7D87}.Debug|x86.ActiveCfg = Debug|Any CPU
		{D5B8D5A1-1A15-489C-8D2F-448A281B7D87}.Debug|x86.Build.0 = Debug|Any CPU
		{D5B8D5A1-1A15-489C-8D2F-448A281B7D87}.Release|Any CPU.ActiveCfg = Release|Any CPU
		{D5B8D5A1-1A15-489C-8D2F-448A281B7D87}.Release|Any CPU.Build.0 = Release|Any CPU
		{D5B8D5A1-1A15-489C-8D2F-448A281B7D87}.Release|x64.ActiveCfg = Release|Any CPU
		{D5B8D5A1-1A15-489C-8D2F-448A281B7D87}.Release|x64.Build.0 = Release|Any CPU
		{D5B8D5A1-1A15-489C-8D2F-448A281B7D87}.Release|x86.ActiveCfg = Release|Any CPU
		{D5B8D5A1-1A15-489C-8D2F-448A281B7D87}.Release|x86.Build.0 = Release|Any CPU
		{C0CAB20E-001A-4AC5-A78E-C6E43B66F276}.Debug|Any CPU.ActiveCfg = Debug|Any CPU
		{C0CAB20E-001A-4AC5-A78E-C6E43B66F276}.Debug|Any CPU.Build.0 = Debug|Any CPU
		{C0CAB20E-001A-4AC5-A78E-C6E43B66F276}.Debug|x64.ActiveCfg = Debug|Any CPU
		{C0CAB20E-001A-4AC5-A78E-C6E43B66F276}.Debug|x64.Build.0 = Debug|Any CPU
		{C0CAB20E-001A-4AC5-A78E-C6E43B66F276}.Debug|x86.ActiveCfg = Debug|Any CPU
		{C0CAB20E-001A-4AC5-A78E-C6E43B66F276}.Debug|x86.Build.0 = Debug|Any CPU
		{C0CAB20E-001A-4AC5-A78E-C6E43B66F276}.Release|Any CPU.ActiveCfg = Release|Any CPU
		{C0CAB20E-001A-4AC5-A78E-C6E43B66F276}.Release|Any CPU.Build.0 = Release|Any CPU
		{C0CAB20E-001A-4AC5-A78E-C6E43B66F276}.Release|x64.ActiveCfg = Release|Any CPU
		{C0CAB20E-001A-4AC5-A78E-C6E43B66F276}.Release|x64.Build.0 = Release|Any CPU
		{C0CAB20E-001A-4AC5-A78E-C6E43B66F276}.Release|x86.ActiveCfg = Release|Any CPU
		{C0CAB20E-001A-4AC5-A78E-C6E43B66F276}.Release|x86.Build.0 = Release|Any CPU
		{EC0132BE-BB3F-4C84-A13A-53E577A89EB9}.Debug|Any CPU.ActiveCfg = Debug|Any CPU
		{EC0132BE-BB3F-4C84-A13A-53E577A89EB9}.Debug|Any CPU.Build.0 = Debug|Any CPU
		{EC0132BE-BB3F-4C84-A13A-53E577A89EB9}.Debug|x64.ActiveCfg = Debug|Any CPU
		{EC0132BE-BB3F-4C84-A13A-53E577A89EB9}.Debug|x64.Build.0 = Debug|Any CPU
		{EC0132BE-BB3F-4C84-A13A-53E577A89EB9}.Debug|x86.ActiveCfg = Debug|Any CPU
		{EC0132BE-BB3F-4C84-A13A-53E577A89EB9}.Debug|x86.Build.0 = Debug|Any CPU
		{EC0132BE-BB3F-4C84-A13A-53E577A89EB9}.Release|Any CPU.ActiveCfg = Release|Any CPU
		{EC0132BE-BB3F-4C84-A13A-53E577A89EB9}.Release|Any CPU.Build.0 = Release|Any CPU
		{EC0132BE-BB3F-4C84-A13A-53E577A89EB9}.Release|x64.ActiveCfg = Release|Any CPU
		{EC0132BE-BB3F-4C84-A13A-53E577A89EB9}.Release|x64.Build.0 = Release|Any CPU
		{EC0132BE-BB3F-4C84-A13A-53E577A89EB9}.Release|x86.ActiveCfg = Release|Any CPU
		{EC0132BE-BB3F-4C84-A13A-53E577A89EB9}.Release|x86.Build.0 = Release|Any CPU
		{A5397D01-3733-44B7-A985-7946D680CC91}.Debug|Any CPU.ActiveCfg = Debug|Any CPU
		{A5397D01-3733-44B7-A985-7946D680CC91}.Debug|Any CPU.Build.0 = Debug|Any CPU
		{A5397D01-3733-44B7-A985-7946D680CC91}.Debug|x64.ActiveCfg = Debug|Any CPU
		{A5397D01-3733-44B7-A985-7946D680CC91}.Debug|x64.Build.0 = Debug|Any CPU
		{A5397D01-3733-44B7-A985-7946D680CC91}.Debug|x86.ActiveCfg = Debug|Any CPU
		{A5397D01-3733-44B7-A985-7946D680CC91}.Debug|x86.Build.0 = Debug|Any CPU
		{A5397D01-3733-44B7-A985-7946D680CC91}.Release|Any CPU.ActiveCfg = Release|Any CPU
		{A5397D01-3733-44B7-A985-7946D680CC91}.Release|Any CPU.Build.0 = Release|Any CPU
		{A5397D01-3733-44B7-A985-7946D680CC91}.Release|x64.ActiveCfg = Release|Any CPU
		{A5397D01-3733-44B7-A985-7946D680CC91}.Release|x64.Build.0 = Release|Any CPU
		{A5397D01-3733-44B7-A985-7946D680CC91}.Release|x86.ActiveCfg = Release|Any CPU
		{A5397D01-3733-44B7-A985-7946D680CC91}.Release|x86.Build.0 = Release|Any CPU
		{338356AE-B80C-4CEE-A398-0F9B1ECC4D12}.Debug|Any CPU.ActiveCfg = Debug|Any CPU
		{338356AE-B80C-4CEE-A398-0F9B1ECC4D12}.Debug|Any CPU.Build.0 = Debug|Any CPU
		{338356AE-B80C-4CEE-A398-0F9B1ECC4D12}.Debug|x64.ActiveCfg = Debug|Any CPU
		{338356AE-B80C-4CEE-A398-0F9B1ECC4D12}.Debug|x64.Build.0 = Debug|Any CPU
		{338356AE-B80C-4CEE-A398-0F9B1ECC4D12}.Debug|x86.ActiveCfg = Debug|Any CPU
		{338356AE-B80C-4CEE-A398-0F9B1ECC4D12}.Debug|x86.Build.0 = Debug|Any CPU
		{338356AE-B80C-4CEE-A398-0F9B1ECC4D12}.Release|Any CPU.ActiveCfg = Release|Any CPU
		{338356AE-B80C-4CEE-A398-0F9B1ECC4D12}.Release|Any CPU.Build.0 = Release|Any CPU
		{338356AE-B80C-4CEE-A398-0F9B1ECC4D12}.Release|x64.ActiveCfg = Release|Any CPU
		{338356AE-B80C-4CEE-A398-0F9B1ECC4D12}.Release|x64.Build.0 = Release|Any CPU
		{338356AE-B80C-4CEE-A398-0F9B1ECC4D12}.Release|x86.ActiveCfg = Release|Any CPU
		{338356AE-B80C-4CEE-A398-0F9B1ECC4D12}.Release|x86.Build.0 = Release|Any CPU
		{BB2579C9-6A03-4539-826C-51B15494C3D2}.Debug|Any CPU.ActiveCfg = Debug|Any CPU
		{BB2579C9-6A03-4539-826C-51B15494C3D2}.Debug|Any CPU.Build.0 = Debug|Any CPU
		{BB2579C9-6A03-4539-826C-51B15494C3D2}.Debug|x64.ActiveCfg = Debug|Any CPU
		{BB2579C9-6A03-4539-826C-51B15494C3D2}.Debug|x64.Build.0 = Debug|Any CPU
		{BB2579C9-6A03-4539-826C-51B15494C3D2}.Debug|x86.ActiveCfg = Debug|Any CPU
		{BB2579C9-6A03-4539-826C-51B15494C3D2}.Debug|x86.Build.0 = Debug|Any CPU
		{BB2579C9-6A03-4539-826C-51B15494C3D2}.Release|Any CPU.ActiveCfg = Release|Any CPU
		{BB2579C9-6A03-4539-826C-51B15494C3D2}.Release|Any CPU.Build.0 = Release|Any CPU
		{BB2579C9-6A03-4539-826C-51B15494C3D2}.Release|x64.ActiveCfg = Release|Any CPU
		{BB2579C9-6A03-4539-826C-51B15494C3D2}.Release|x64.Build.0 = Release|Any CPU
		{BB2579C9-6A03-4539-826C-51B15494C3D2}.Release|x86.ActiveCfg = Release|Any CPU
		{BB2579C9-6A03-4539-826C-51B15494C3D2}.Release|x86.Build.0 = Release|Any CPU
		{EBD5FE92-7278-40B4-961D-D29B4E86AC07}.Debug|Any CPU.ActiveCfg = Debug|Any CPU
		{EBD5FE92-7278-40B4-961D-D29B4E86AC07}.Debug|Any CPU.Build.0 = Debug|Any CPU
		{EBD5FE92-7278-40B4-961D-D29B4E86AC07}.Debug|x64.ActiveCfg = Debug|Any CPU
		{EBD5FE92-7278-40B4-961D-D29B4E86AC07}.Debug|x64.Build.0 = Debug|Any CPU
		{EBD5FE92-7278-40B4-961D-D29B4E86AC07}.Debug|x86.ActiveCfg = Debug|Any CPU
		{EBD5FE92-7278-40B4-961D-D29B4E86AC07}.Debug|x86.Build.0 = Debug|Any CPU
		{EBD5FE92-7278-40B4-961D-D29B4E86AC07}.Release|Any CPU.ActiveCfg = Release|Any CPU
		{EBD5FE92-7278-40B4-961D-D29B4E86AC07}.Release|Any CPU.Build.0 = Release|Any CPU
		{EBD5FE92-7278-40B4-961D-D29B4E86AC07}.Release|x64.ActiveCfg = Release|Any CPU
		{EBD5FE92-7278-40B4-961D-D29B4E86AC07}.Release|x64.Build.0 = Release|Any CPU
		{EBD5FE92-7278-40B4-961D-D29B4E86AC07}.Release|x86.ActiveCfg = Release|Any CPU
		{EBD5FE92-7278-40B4-961D-D29B4E86AC07}.Release|x86.Build.0 = Release|Any CPU
		{89A0CB10-E018-4996-8C92-DC0F5464775E}.Debug|Any CPU.ActiveCfg = Debug|Any CPU
		{89A0CB10-E018-4996-8C92-DC0F5464775E}.Debug|Any CPU.Build.0 = Debug|Any CPU
		{89A0CB10-E018-4996-8C92-DC0F5464775E}.Debug|x64.ActiveCfg = Debug|Any CPU
		{89A0CB10-E018-4996-8C92-DC0F5464775E}.Debug|x64.Build.0 = Debug|Any CPU
		{89A0CB10-E018-4996-8C92-DC0F5464775E}.Debug|x86.ActiveCfg = Debug|Any CPU
		{89A0CB10-E018-4996-8C92-DC0F5464775E}.Debug|x86.Build.0 = Debug|Any CPU
		{89A0CB10-E018-4996-8C92-DC0F5464775E}.Release|Any CPU.ActiveCfg = Release|Any CPU
		{89A0CB10-E018-4996-8C92-DC0F5464775E}.Release|Any CPU.Build.0 = Release|Any CPU
		{89A0CB10-E018-4996-8C92-DC0F5464775E}.Release|x64.ActiveCfg = Release|Any CPU
		{89A0CB10-E018-4996-8C92-DC0F5464775E}.Release|x64.Build.0 = Release|Any CPU
		{89A0CB10-E018-4996-8C92-DC0F5464775E}.Release|x86.ActiveCfg = Release|Any CPU
		{89A0CB10-E018-4996-8C92-DC0F5464775E}.Release|x86.Build.0 = Release|Any CPU
		{C02071F5-2E44-403D-A2CA-6B8382CE7AE7}.Debug|Any CPU.ActiveCfg = Debug|Any CPU
		{C02071F5-2E44-403D-A2CA-6B8382CE7AE7}.Debug|Any CPU.Build.0 = Debug|Any CPU
		{C02071F5-2E44-403D-A2CA-6B8382CE7AE7}.Debug|x64.ActiveCfg = Debug|Any CPU
		{C02071F5-2E44-403D-A2CA-6B8382CE7AE7}.Debug|x64.Build.0 = Debug|Any CPU
		{C02071F5-2E44-403D-A2CA-6B8382CE7AE7}.Debug|x86.ActiveCfg = Debug|Any CPU
		{C02071F5-2E44-403D-A2CA-6B8382CE7AE7}.Debug|x86.Build.0 = Debug|Any CPU
		{C02071F5-2E44-403D-A2CA-6B8382CE7AE7}.Release|Any CPU.ActiveCfg = Release|Any CPU
		{C02071F5-2E44-403D-A2CA-6B8382CE7AE7}.Release|Any CPU.Build.0 = Release|Any CPU
		{C02071F5-2E44-403D-A2CA-6B8382CE7AE7}.Release|x64.ActiveCfg = Release|Any CPU
		{C02071F5-2E44-403D-A2CA-6B8382CE7AE7}.Release|x64.Build.0 = Release|Any CPU
		{C02071F5-2E44-403D-A2CA-6B8382CE7AE7}.Release|x86.ActiveCfg = Release|Any CPU
		{C02071F5-2E44-403D-A2CA-6B8382CE7AE7}.Release|x86.Build.0 = Release|Any CPU
		{82F7FDF4-AF5B-4460-811D-25B503191EE5}.Debug|Any CPU.ActiveCfg = Debug|Any CPU
		{82F7FDF4-AF5B-4460-811D-25B503191EE5}.Debug|Any CPU.Build.0 = Debug|Any CPU
		{82F7FDF4-AF5B-4460-811D-25B503191EE5}.Debug|x64.ActiveCfg = Debug|Any CPU
		{82F7FDF4-AF5B-4460-811D-25B503191EE5}.Debug|x64.Build.0 = Debug|Any CPU
		{82F7FDF4-AF5B-4460-811D-25B503191EE5}.Debug|x86.ActiveCfg = Debug|Any CPU
		{82F7FDF4-AF5B-4460-811D-25B503191EE5}.Debug|x86.Build.0 = Debug|Any CPU
		{82F7FDF4-AF5B-4460-811D-25B503191EE5}.Release|Any CPU.ActiveCfg = Release|Any CPU
		{82F7FDF4-AF5B-4460-811D-25B503191EE5}.Release|Any CPU.Build.0 = Release|Any CPU
		{82F7FDF4-AF5B-4460-811D-25B503191EE5}.Release|x64.ActiveCfg = Release|Any CPU
		{82F7FDF4-AF5B-4460-811D-25B503191EE5}.Release|x64.Build.0 = Release|Any CPU
		{82F7FDF4-AF5B-4460-811D-25B503191EE5}.Release|x86.ActiveCfg = Release|Any CPU
		{82F7FDF4-AF5B-4460-811D-25B503191EE5}.Release|x86.Build.0 = Release|Any CPU
		{35B47B53-82CA-4A98-B836-EDEB67D89431}.Debug|Any CPU.ActiveCfg = Debug|Any CPU
		{35B47B53-82CA-4A98-B836-EDEB67D89431}.Debug|Any CPU.Build.0 = Debug|Any CPU
		{35B47B53-82CA-4A98-B836-EDEB67D89431}.Debug|x64.ActiveCfg = Debug|Any CPU
		{35B47B53-82CA-4A98-B836-EDEB67D89431}.Debug|x64.Build.0 = Debug|Any CPU
		{35B47B53-82CA-4A98-B836-EDEB67D89431}.Debug|x86.ActiveCfg = Debug|Any CPU
		{35B47B53-82CA-4A98-B836-EDEB67D89431}.Debug|x86.Build.0 = Debug|Any CPU
		{35B47B53-82CA-4A98-B836-EDEB67D89431}.Release|Any CPU.ActiveCfg = Release|Any CPU
		{35B47B53-82CA-4A98-B836-EDEB67D89431}.Release|Any CPU.Build.0 = Release|Any CPU
		{35B47B53-82CA-4A98-B836-EDEB67D89431}.Release|x64.ActiveCfg = Release|Any CPU
		{35B47B53-82CA-4A98-B836-EDEB67D89431}.Release|x64.Build.0 = Release|Any CPU
		{35B47B53-82CA-4A98-B836-EDEB67D89431}.Release|x86.ActiveCfg = Release|Any CPU
		{35B47B53-82CA-4A98-B836-EDEB67D89431}.Release|x86.Build.0 = Release|Any CPU
		{E1F07834-0A6D-456F-AC2A-1E80D471C0F1}.Debug|Any CPU.ActiveCfg = Debug|Any CPU
		{E1F07834-0A6D-456F-AC2A-1E80D471C0F1}.Debug|Any CPU.Build.0 = Debug|Any CPU
		{E1F07834-0A6D-456F-AC2A-1E80D471C0F1}.Debug|x64.ActiveCfg = Debug|Any CPU
		{E1F07834-0A6D-456F-AC2A-1E80D471C0F1}.Debug|x64.Build.0 = Debug|Any CPU
		{E1F07834-0A6D-456F-AC2A-1E80D471C0F1}.Debug|x86.ActiveCfg = Debug|Any CPU
		{E1F07834-0A6D-456F-AC2A-1E80D471C0F1}.Debug|x86.Build.0 = Debug|Any CPU
		{E1F07834-0A6D-456F-AC2A-1E80D471C0F1}.Release|Any CPU.ActiveCfg = Release|Any CPU
		{E1F07834-0A6D-456F-AC2A-1E80D471C0F1}.Release|Any CPU.Build.0 = Release|Any CPU
		{E1F07834-0A6D-456F-AC2A-1E80D471C0F1}.Release|x64.ActiveCfg = Release|Any CPU
		{E1F07834-0A6D-456F-AC2A-1E80D471C0F1}.Release|x64.Build.0 = Release|Any CPU
		{E1F07834-0A6D-456F-AC2A-1E80D471C0F1}.Release|x86.ActiveCfg = Release|Any CPU
		{E1F07834-0A6D-456F-AC2A-1E80D471C0F1}.Release|x86.Build.0 = Release|Any CPU
		{A78A3E76-5323-42FB-A146-EE1C5C238701}.Debug|Any CPU.ActiveCfg = Debug|Any CPU
		{A78A3E76-5323-42FB-A146-EE1C5C238701}.Debug|Any CPU.Build.0 = Debug|Any CPU
		{A78A3E76-5323-42FB-A146-EE1C5C238701}.Debug|x64.ActiveCfg = Debug|Any CPU
		{A78A3E76-5323-42FB-A146-EE1C5C238701}.Debug|x64.Build.0 = Debug|Any CPU
		{A78A3E76-5323-42FB-A146-EE1C5C238701}.Debug|x86.ActiveCfg = Debug|Any CPU
		{A78A3E76-5323-42FB-A146-EE1C5C238701}.Debug|x86.Build.0 = Debug|Any CPU
		{A78A3E76-5323-42FB-A146-EE1C5C238701}.Release|Any CPU.ActiveCfg = Release|Any CPU
		{A78A3E76-5323-42FB-A146-EE1C5C238701}.Release|Any CPU.Build.0 = Release|Any CPU
		{A78A3E76-5323-42FB-A146-EE1C5C238701}.Release|x64.ActiveCfg = Release|Any CPU
		{A78A3E76-5323-42FB-A146-EE1C5C238701}.Release|x64.Build.0 = Release|Any CPU
		{A78A3E76-5323-42FB-A146-EE1C5C238701}.Release|x86.ActiveCfg = Release|Any CPU
		{A78A3E76-5323-42FB-A146-EE1C5C238701}.Release|x86.Build.0 = Release|Any CPU
	EndGlobalSection
	GlobalSection(SolutionProperties) = preSolution
		HideSolutionNode = FALSE
	EndGlobalSection
	GlobalSection(NestedProjects) = preSolution
		{0ECAF690-C662-469B-A377-0CD3D104E68B} = {A41339B8-C769-4A33-BAA9-0C69F5389F3C}
		{CAEA2F99-2C54-4C7D-A7BB-CD3351C476B0} = {A41339B8-C769-4A33-BAA9-0C69F5389F3C}
		{77126AEC-C700-4768-B9B4-F8DD46CADDBF} = {A41339B8-C769-4A33-BAA9-0C69F5389F3C}
		{61104F24-47A4-4A21-A64F-61B682D66289} = {A41339B8-C769-4A33-BAA9-0C69F5389F3C}
		{16C7E26E-C5E8-4041-B15E-343F4FE07569} = {0C213296-0575-4388-9A9E-6F367F286F1C}
		{AE8845FF-D49B-4650-B73A-1249D07B018A} = {0C213296-0575-4388-9A9E-6F367F286F1C}
		{BF5F2718-4502-4C11-9457-8A94BE05FDA9} = {0C213296-0575-4388-9A9E-6F367F286F1C}
		{0471852A-E87B-4511-B5A7-7F603C575DC9} = {0C213296-0575-4388-9A9E-6F367F286F1C}
		{CD56F4C6-7FB2-41C7-9449-D0B70C1F5309} = {A6FF0190-83D8-4230-93BB-0307DE69A083}
		{D5B8D5A1-1A15-489C-8D2F-448A281B7D87} = {A6FF0190-83D8-4230-93BB-0307DE69A083}
		{C0CAB20E-001A-4AC5-A78E-C6E43B66F276} = {0C213296-0575-4388-9A9E-6F367F286F1C}
		{EC0132BE-BB3F-4C84-A13A-53E577A89EB9} = {A41339B8-C769-4A33-BAA9-0C69F5389F3C}
		{A5397D01-3733-44B7-A985-7946D680CC91} = {A41339B8-C769-4A33-BAA9-0C69F5389F3C}
		{338356AE-B80C-4CEE-A398-0F9B1ECC4D12} = {0C213296-0575-4388-9A9E-6F367F286F1C}
		{BB2579C9-6A03-4539-826C-51B15494C3D2} = {3478F068-A686-4309-891F-A2C59C8EA2BD}
		{EBD5FE92-7278-40B4-961D-D29B4E86AC07} = {9D810F23-9F6B-43C1-8EE7-4C4116802AFE}
		{89A0CB10-E018-4996-8C92-DC0F5464775E} = {9D810F23-9F6B-43C1-8EE7-4C4116802AFE}
		{C02071F5-2E44-403D-A2CA-6B8382CE7AE7} = {3478F068-A686-4309-891F-A2C59C8EA2BD}
		{82F7FDF4-AF5B-4460-811D-25B503191EE5} = {A6FF0190-83D8-4230-93BB-0307DE69A083}
		{35B47B53-82CA-4A98-B836-EDEB67D89431} = {3C28687E-B73F-4F38-B330-22871CCB32F6}
		{E1F07834-0A6D-456F-AC2A-1E80D471C0F1} = {E5DEF2FA-D829-49AC-9516-9377941BC2F2}
		{A78A3E76-5323-42FB-A146-EE1C5C238701} = {052E2886-38DF-4248-B3FF-C4C7439A6EBB}
	EndGlobalSection
	GlobalSection(ExtensibilityGlobals) = postSolution
		SolutionGuid = {7DE9592B-21B7-4EAA-A52D-1D9B6388C103}
	EndGlobalSection
EndGlobal
