
Microsoft Visual Studio Solution File, Format Version 12.00
# Visual Studio Version 17
VisualStudioVersion = 17.0.32602.201
MinimumVisualStudioVersion = 10.0.40219.1
Project("{9A19103F-16F7-4668-BE54-9A1E7A4F7556}") = "YuShiITSSDK", "YuShiITSSDK\YuShiITSSDK.csproj", "{CAEA2F99-2C54-4C7D-A7BB-CD3351C476B0}"
EndProject
Project("{9A19103F-16F7-4668-BE54-9A1E7A4F7556}") = "YuShiITSSDK.WinForm", "AppDemo\YuShiITSSDK\WinForm\YuShiITSSDK.WinForm.csproj", "{61104F24-47A4-4A21-A64F-61B682D66289}"
EndProject
Project("{2150E333-8FDC-42A3-9474-1A3956D46DE8}") = "YuShi", "YuShi", "{A41339B8-C769-4A33-BAA9-0C69F5389F3C}"
EndProject
Project("{2150E333-8FDC-42A3-9474-1A3956D46DE8}") = "DeYa", "DeYa", "{0C213296-0575-4388-9A9E-6F367F286F1C}"
EndProject
Project("{9A19103F-16F7-4668-BE54-9A1E7A4F7556}") = "DeYaIceIpcSDK", "DeYaIceIpcSDK\DeYaIceIpcSDK.csproj", "{16C7E26E-C5E8-4041-B15E-343F4FE07569}"
EndProject
Project("{9A19103F-16F7-4668-BE54-9A1E7A4F7556}") = "DeYaLpnrSDK", "DeYaLpnrSDK\DeYaLpnrSDK.csproj", "{AE8845FF-D49B-4650-B73A-1249D07B018A}"
EndProject
Project("{9A19103F-16F7-4668-BE54-9A1E7A4F7556}") = "DeYaLpnrSDK.WinForm", "AppDemo\DeYaLpnrSDK\WinForm\DeYaLpnrSDK.WinForm.csproj", "{BF5F2718-4502-4C11-9457-8A94BE05FDA9}"
EndProject
Project("{9A19103F-16F7-4668-BE54-9A1E7A4F7556}") = "DeYaIceIpcSDK.WinForm", "AppDemo\DeYaIceIpcSDK\WinForm\DeYaIceIpcSDK.WinForm.csproj", "{0471852A-E87B-4511-B5A7-7F603C575DC9}"
EndProject
Project("{2150E333-8FDC-42A3-9474-1A3956D46DE8}") = "HuaDa", "HuaDa", "{A6FF0190-83D8-4230-93BB-0307DE69A083}"
EndProject
Project("{9A19103F-16F7-4668-BE54-9A1E7A4F7556}") = "HDSSSESDK", "HDSSSESDK\HDSSSESDK\HDSSSESDK.csproj", "{CD56F4C6-7FB2-41C7-9449-D0B70C1F5309}"
EndProject
Project("{9A19103F-16F7-4668-BE54-9A1E7A4F7556}") = "HDSSSEEXE", "HDSSSESDK\HDSSSEEXE\HDSSSEEXE.csproj", "{D5B8D5A1-1A15-489C-8D2F-448A281B7D87}"
EndProject
Project("{9A19103F-16F7-4668-BE54-9A1E7A4F7556}") = "DeYaAlbCtrlSDK", "DeYaAlbCtrlSDK\DeYaAlbCtrlSDK.csproj", "{C0CAB20E-001A-4AC5-A78E-C6E43B66F276}"
EndProject
Project("{9A19103F-16F7-4668-BE54-9A1E7A4F7556}") = "YuShiNetDevSDK", "YuShiNetDevSDK\YuShiNetDevSDK.csproj", "{A5397D01-3733-44B7-A985-7946D680CC91}"
EndProject
Project("{9A19103F-16F7-4668-BE54-9A1E7A4F7556}") = "DeYaAlbCtrlSDK.WinForm", "AppDemo\DeYaAlbCtrlSDK\WinForm\DeYaAlbCtrlSDK.WinForm.csproj", "{338356AE-B80C-4CEE-A398-0F9B1ECC4D12}"
EndProject
Project("{2150E333-8FDC-42A3-9474-1A3956D46DE8}") = "KangMei", "KangMei", "{3478F068-A686-4309-891F-A2C59C8EA2BD}"
EndProject
Project("{2150E333-8FDC-42A3-9474-1A3956D46DE8}") = "WeiGuang", "WeiGuang", "{9D810F23-9F6B-43C1-8EE7-4C4116802AFE}"
EndProject
Project("{9A19103F-16F7-4668-BE54-9A1E7A4F7556}") = "WeiGuangCodeBarSDK", "WeiGuangCodeBarSDK\WeiGuangCodeBarSDK.csproj", "{EBD5FE92-7278-40B4-961D-D29B4E86AC07}"
EndProject
Project("{9A19103F-16F7-4668-BE54-9A1E7A4F7556}") = "WeiGuangCodeBarSDK.WinForm", "AppDemo\WeiGuangCodeBarSDK\WinForm\WeiGuangCodeBarSDK.WinForm.csproj", "{89A0CB10-E018-4996-8C92-DC0F5464775E}"
EndProject
Project("{9A19103F-16F7-4668-BE54-9A1E7A4F7556}") = "HDSSSESDK.WinForm", "AppDemo\HDSSSESDK\WinForm\HDSSSESDK.WinForm.csproj", "{82F7FDF4-AF5B-4460-811D-25B503191EE5}"
EndProject
Project("{2150E333-8FDC-42A3-9474-1A3956D46DE8}") = "ShenBan", "ShenBan", "{3C28687E-B73F-4F38-B330-22871CCB32F6}"
EndProject
Project("{9A19103F-16F7-4668-BE54-9A1E7A4F7556}") = "ShenBanReader", "ShenBanReader\ShenBanReader.csproj", "{35B47B53-82CA-4A98-B836-EDEB67D89431}"
EndProject
Project("{9A19103F-16F7-4668-BE54-9A1E7A4F7556}") = "KangMeiIPGBSDK", "KangMeiIPGBSDK\KangMeiIPGBSDK.csproj", "{F9B1C101-6679-414A-9F19-7184BCD9C2B4}"
EndProject
Project("{9A19103F-16F7-4668-BE54-9A1E7A4F7556}") = "ShenBanReader.WinForm", "AppDemo\ShenBanReader\WinForm\ShenBanReader.WinForm.csproj", "{CD879EA7-398F-4EE1-9289-88E82228A85D}"
EndProject
Project("{9A19103F-16F7-4668-BE54-9A1E7A4F7556}") = "KangMeiIPGBSDK.WinForm", "AppDemo\KangMeiIPGBSDK\WinForm\KangMeiIPGBSDK.WinForm.csproj", "{58A8E7B2-02B0-4042-BE5E-5569263C57FF}"
EndProject
Project("{2150E333-8FDC-42A3-9474-1A3956D46DE8}") = "Com", "Com", "{3AD872E5-4677-4759-9DCD-85372D4CF974}"
EndProject
Project("{9A19103F-16F7-4668-BE54-9A1E7A4F7556}") = "HardwareInterfaces", "NHInterfaces\HardwareInterfaces.csproj", "{00F75904-31BA-466B-8205-C3D92A6B6F96}"
EndProject
Project("{2150E333-8FDC-42A3-9474-1A3956D46DE8}") = "VisionZenith", "VisionZenith", "{B43E2A7E-CB26-4943-B29A-04FB37353F22}"
EndProject
Project("{9A19103F-16F7-4668-BE54-9A1E7A4F7556}") = "VzClientSDK", "VzClientSDK\VzClientSDK.csproj", "{08AE444D-7A1F-4855-9AAA-F5495F74019D}"
EndProject
Project("{2150E333-8FDC-42A3-9474-1A3956D46DE8}") = "Tester", "Tester", "{EAFBCCF3-F2D7-4B6F-8C00-EA8DDAA14DE9}"
EndProject
Project("{9A19103F-16F7-4668-BE54-9A1E7A4F7556}") = "ConsoleTester", "AppDemo\ConsoleTester\ConsoleTester.csproj", "{20CE197E-F8FE-4B93-B300-629EAA808BA2}"
EndProject
Project("{9A19103F-16F7-4668-BE54-9A1E7A4F7556}") = "VzClientSDK.WinForm", "AppDemo\VzClientSDKDemo\WinForm\VzClientSDK.WinForm.csproj", "{22F14D12-9E61-4E87-A2BC-1F12C5767786}"
EndProject
Project("{2150E333-8FDC-42A3-9474-1A3956D46DE8}") = "HaiKangWeiShi", "HaiKangWeiShi", "{FDC825A7-ED86-4B84-8A1C-3FAA9AB8D955}"
EndProject
Project("{9A19103F-16F7-4668-BE54-9A1E7A4F7556}") = "YuShiNetDevSDK.WinForm", "AppDemo\YuShiNetDevSDK\WinForm\YuShiNetDevSDK.WinForm.csproj", "{FA6E831F-9377-4774-AC71-CDD096F92C54}"
EndProject
Project("{9A19103F-16F7-4668-BE54-9A1E7A4F7556}") = "HikHCNetSDK", "HikHCNetSDK\HikHCNetSDK.csproj", "{6097192D-2768-4307-BA1A-841B9CBA21FB}"
EndProject
Project("{9A19103F-16F7-4668-BE54-9A1E7A4F7556}") = "HikHCNetSDK.WinForm", "AppDemo\HikHCNetSDK\WinForm\HikHCNetSDK.WinForm.csproj", "{AE41D2E4-D409-4D98-B74E-CA9540C79E5A}"
EndProject
Project("{2150E333-8FDC-42A3-9474-1A3956D46DE8}") = "YouRenIoT", "YouRenIoT", "{9ED6CF78-59F2-4CF8-90F1-7CD9953C1D65}"
EndProject
Project("{9A19103F-16F7-4668-BE54-9A1E7A4F7556}") = "YouRenIoTNetIO", "YouRenIoTNetIO\YouRenIoTNetIO.csproj", "{06AFCCF9-7673-460E-8E4F-5771C7012A24}"
EndProject
Project("{9A19103F-16F7-4668-BE54-9A1E7A4F7556}") = "YouRenIoTNetIO.WinForm", "AppDemo\YouRenIoTNetIO\WinForm\YouRenIoTNetIO.WinForm.csproj", "{AFF0CD60-DFD8-4EFB-80F9-508146CA3C53}"
EndProject
Project("{2150E333-8FDC-42A3-9474-1A3956D46DE8}") = "EOdbc", "EOdbc", "{FEA5F602-4007-4740-9E87-02FA8FD21341}"
EndProject
Project("{FAE04EC0-301F-11D3-BF4B-00C04F79EFBC}") = "EDBODBCEXE", "EDBODBCSDK\EDBODBCEXE\EDBODBCEXE.csproj", "{BC0A1EEB-74D7-4D6A-9180-DD5E431A96E0}"
EndProject
Project("{FAE04EC0-301F-11D3-BF4B-00C04F79EFBC}") = "EDBODBCSDK", "EDBODBCSDK\EDBODBCSDK\EDBODBCSDK.csproj", "{0EA9928F-6384-4B17-8649-00B81BDC91BF}"
EndProject
Global
	GlobalSection(SolutionConfigurationPlatforms) = preSolution
		Debug|Any CPU = Debug|Any CPU
		Debug|x64 = Debug|x64
		Debug|x86 = Debug|x86
		Release|Any CPU = Release|Any CPU
		Release|x64 = Release|x64
		Release|x86 = Release|x86
	EndGlobalSection
	GlobalSection(ProjectConfigurationPlatforms) = postSolution
		{CAEA2F99-2C54-4C7D-A7BB-CD3351C476B0}.Debug|Any CPU.ActiveCfg = Debug|Any CPU
		{CAEA2F99-2C54-4C7D-A7BB-CD3351C476B0}.Debug|Any CPU.Build.0 = Debug|Any CPU
		{CAEA2F99-2C54-4C7D-A7BB-CD3351C476B0}.Debug|x64.ActiveCfg = Debug|Any CPU
		{CAEA2F99-2C54-4C7D-A7BB-CD3351C476B0}.Debug|x64.Build.0 = Debug|Any CPU
		{CAEA2F99-2C54-4C7D-A7BB-CD3351C476B0}.Debug|x86.ActiveCfg = Debug|Any CPU
		{CAEA2F99-2C54-4C7D-A7BB-CD3351C476B0}.Debug|x86.Build.0 = Debug|Any CPU
		{CAEA2F99-2C54-4C7D-A7BB-CD3351C476B0}.Release|Any CPU.ActiveCfg = Release|Any CPU
		{CAEA2F99-2C54-4C7D-A7BB-CD3351C476B0}.Release|Any CPU.Build.0 = Release|Any CPU
		{CAEA2F99-2C54-4C7D-A7BB-CD3351C476B0}.Release|x64.ActiveCfg = Release|Any CPU
		{CAEA2F99-2C54-4C7D-A7BB-CD3351C476B0}.Release|x64.Build.0 = Release|Any CPU
		{CAEA2F99-2C54-4C7D-A7BB-CD3351C476B0}.Release|x86.ActiveCfg = Release|Any CPU
		{CAEA2F99-2C54-4C7D-A7BB-CD3351C476B0}.Release|x86.Build.0 = Release|Any CPU
		{61104F24-47A4-4A21-A64F-61B682D66289}.Debug|Any CPU.ActiveCfg = Debug|Any CPU
		{61104F24-47A4-4A21-A64F-61B682D66289}.Debug|Any CPU.Build.0 = Debug|Any CPU
		{61104F24-47A4-4A21-A64F-61B682D66289}.Debug|x64.ActiveCfg = Debug|Any CPU
		{61104F24-47A4-4A21-A64F-61B682D66289}.Debug|x64.Build.0 = Debug|Any CPU
		{61104F24-47A4-4A21-A64F-61B682D66289}.Debug|x86.ActiveCfg = Debug|Any CPU
		{61104F24-47A4-4A21-A64F-61B682D66289}.Debug|x86.Build.0 = Debug|Any CPU
		{61104F24-47A4-4A21-A64F-61B682D66289}.Release|Any CPU.ActiveCfg = Release|Any CPU
		{61104F24-47A4-4A21-A64F-61B682D66289}.Release|Any CPU.Build.0 = Release|Any CPU
		{61104F24-47A4-4A21-A64F-61B682D66289}.Release|x64.ActiveCfg = Release|Any CPU
		{61104F24-47A4-4A21-A64F-61B682D66289}.Release|x64.Build.0 = Release|Any CPU
		{61104F24-47A4-4A21-A64F-61B682D66289}.Release|x86.ActiveCfg = Release|Any CPU
		{61104F24-47A4-4A21-A64F-61B682D66289}.Release|x86.Build.0 = Release|Any CPU
		{16C7E26E-C5E8-4041-B15E-343F4FE07569}.Debug|Any CPU.ActiveCfg = Debug|Any CPU
		{16C7E26E-C5E8-4041-B15E-343F4FE07569}.Debug|Any CPU.Build.0 = Debug|Any CPU
		{16C7E26E-C5E8-4041-B15E-343F4FE07569}.Debug|x64.ActiveCfg = Debug|Any CPU
		{16C7E26E-C5E8-4041-B15E-343F4FE07569}.Debug|x64.Build.0 = Debug|Any CPU
		{16C7E26E-C5E8-4041-B15E-343F4FE07569}.Debug|x86.ActiveCfg = Debug|Any CPU
		{16C7E26E-C5E8-4041-B15E-343F4FE07569}.Debug|x86.Build.0 = Debug|Any CPU
		{16C7E26E-C5E8-4041-B15E-343F4FE07569}.Release|Any CPU.ActiveCfg = Release|Any CPU
		{16C7E26E-C5E8-4041-B15E-343F4FE07569}.Release|Any CPU.Build.0 = Release|Any CPU
		{16C7E26E-C5E8-4041-B15E-343F4FE07569}.Release|x64.ActiveCfg = Release|Any CPU
		{16C7E26E-C5E8-4041-B15E-343F4FE07569}.Release|x64.Build.0 = Release|Any CPU
		{16C7E26E-C5E8-4041-B15E-343F4FE07569}.Release|x86.ActiveCfg = Release|Any CPU
		{16C7E26E-C5E8-4041-B15E-343F4FE07569}.Release|x86.Build.0 = Release|Any CPU
		{AE8845FF-D49B-4650-B73A-1249D07B018A}.Debug|Any CPU.ActiveCfg = Debug|Any CPU
		{AE8845FF-D49B-4650-B73A-1249D07B018A}.Debug|Any CPU.Build.0 = Debug|Any CPU
		{AE8845FF-D49B-4650-B73A-1249D07B018A}.Debug|x64.ActiveCfg = Debug|Any CPU
		{AE8845FF-D49B-4650-B73A-1249D07B018A}.Debug|x64.Build.0 = Debug|Any CPU
		{AE8845FF-D49B-4650-B73A-1249D07B018A}.Debug|x86.ActiveCfg = Debug|Any CPU
		{AE8845FF-D49B-4650-B73A-1249D07B018A}.Debug|x86.Build.0 = Debug|Any CPU
		{AE8845FF-D49B-4650-B73A-1249D07B018A}.Release|Any CPU.ActiveCfg = Release|Any CPU
		{AE8845FF-D49B-4650-B73A-1249D07B018A}.Release|Any CPU.Build.0 = Release|Any CPU
		{AE8845FF-D49B-4650-B73A-1249D07B018A}.Release|x64.ActiveCfg = Release|Any CPU
		{AE8845FF-D49B-4650-B73A-1249D07B018A}.Release|x64.Build.0 = Release|Any CPU
		{AE8845FF-D49B-4650-B73A-1249D07B018A}.Release|x86.ActiveCfg = Release|Any CPU
		{AE8845FF-D49B-4650-B73A-1249D07B018A}.Release|x86.Build.0 = Release|Any CPU
		{BF5F2718-4502-4C11-9457-8A94BE05FDA9}.Debug|Any CPU.ActiveCfg = Debug|Any CPU
		{BF5F2718-4502-4C11-9457-8A94BE05FDA9}.Debug|Any CPU.Build.0 = Debug|Any CPU
		{BF5F2718-4502-4C11-9457-8A94BE05FDA9}.Debug|x64.ActiveCfg = Debug|Any CPU
		{BF5F2718-4502-4C11-9457-8A94BE05FDA9}.Debug|x64.Build.0 = Debug|Any CPU
		{BF5F2718-4502-4C11-9457-8A94BE05FDA9}.Debug|x86.ActiveCfg = Debug|Any CPU
		{BF5F2718-4502-4C11-9457-8A94BE05FDA9}.Debug|x86.Build.0 = Debug|Any CPU
		{BF5F2718-4502-4C11-9457-8A94BE05FDA9}.Release|Any CPU.ActiveCfg = Release|Any CPU
		{BF5F2718-4502-4C11-9457-8A94BE05FDA9}.Release|Any CPU.Build.0 = Release|Any CPU
		{BF5F2718-4502-4C11-9457-8A94BE05FDA9}.Release|x64.ActiveCfg = Release|Any CPU
		{BF5F2718-4502-4C11-9457-8A94BE05FDA9}.Release|x64.Build.0 = Release|Any CPU
		{BF5F2718-4502-4C11-9457-8A94BE05FDA9}.Release|x86.ActiveCfg = Release|Any CPU
		{BF5F2718-4502-4C11-9457-8A94BE05FDA9}.Release|x86.Build.0 = Release|Any CPU
		{0471852A-E87B-4511-B5A7-7F603C575DC9}.Debug|Any CPU.ActiveCfg = Debug|Any CPU
		{0471852A-E87B-4511-B5A7-7F603C575DC9}.Debug|Any CPU.Build.0 = Debug|Any CPU
		{0471852A-E87B-4511-B5A7-7F603C575DC9}.Debug|x64.ActiveCfg = Debug|Any CPU
		{0471852A-E87B-4511-B5A7-7F603C575DC9}.Debug|x64.Build.0 = Debug|Any CPU
		{0471852A-E87B-4511-B5A7-7F603C575DC9}.Debug|x86.ActiveCfg = Debug|Any CPU
		{0471852A-E87B-4511-B5A7-7F603C575DC9}.Debug|x86.Build.0 = Debug|Any CPU
		{0471852A-E87B-4511-B5A7-7F603C575DC9}.Release|Any CPU.ActiveCfg = Release|Any CPU
		{0471852A-E87B-4511-B5A7-7F603C575DC9}.Release|Any CPU.Build.0 = Release|Any CPU
		{0471852A-E87B-4511-B5A7-7F603C575DC9}.Release|x64.ActiveCfg = Release|Any CPU
		{0471852A-E87B-4511-B5A7-7F603C575DC9}.Release|x64.Build.0 = Release|Any CPU
		{0471852A-E87B-4511-B5A7-7F603C575DC9}.Release|x86.ActiveCfg = Release|Any CPU
		{0471852A-E87B-4511-B5A7-7F603C575DC9}.Release|x86.Build.0 = Release|Any CPU
		{CD56F4C6-7FB2-41C7-9449-D0B70C1F5309}.Debug|Any CPU.ActiveCfg = Debug|Any CPU
		{CD56F4C6-7FB2-41C7-9449-D0B70C1F5309}.Debug|Any CPU.Build.0 = Debug|Any CPU
		{CD56F4C6-7FB2-41C7-9449-D0B70C1F5309}.Debug|x64.ActiveCfg = Debug|Any CPU
		{CD56F4C6-7FB2-41C7-9449-D0B70C1F5309}.Debug|x64.Build.0 = Debug|Any CPU
		{CD56F4C6-7FB2-41C7-9449-D0B70C1F5309}.Debug|x86.ActiveCfg = Debug|Any CPU
		{CD56F4C6-7FB2-41C7-9449-D0B70C1F5309}.Debug|x86.Build.0 = Debug|Any CPU
		{CD56F4C6-7FB2-41C7-9449-D0B70C1F5309}.Release|Any CPU.ActiveCfg = Release|Any CPU
		{CD56F4C6-7FB2-41C7-9449-D0B70C1F5309}.Release|Any CPU.Build.0 = Release|Any CPU
		{CD56F4C6-7FB2-41C7-9449-D0B70C1F5309}.Release|x64.ActiveCfg = Release|Any CPU
		{CD56F4C6-7FB2-41C7-9449-D0B70C1F5309}.Release|x64.Build.0 = Release|Any CPU
		{CD56F4C6-7FB2-41C7-9449-D0B70C1F5309}.Release|x86.ActiveCfg = Release|Any CPU
		{CD56F4C6-7FB2-41C7-9449-D0B70C1F5309}.Release|x86.Build.0 = Release|Any CPU
		{D5B8D5A1-1A15-489C-8D2F-448A281B7D87}.Debug|Any CPU.ActiveCfg = Debug|Any CPU
		{D5B8D5A1-1A15-489C-8D2F-448A281B7D87}.Debug|Any CPU.Build.0 = Debug|Any CPU
		{D5B8D5A1-1A15-489C-8D2F-448A281B7D87}.Debug|x64.ActiveCfg = Debug|Any CPU
		{D5B8D5A1-1A15-489C-8D2F-448A281B7D87}.Debug|x64.Build.0 = Debug|Any CPU
		{D5B8D5A1-1A15-489C-8D2F-448A281B7D87}.Debug|x86.ActiveCfg = Debug|Any CPU
		{D5B8D5A1-1A15-489C-8D2F-448A281B7D87}.Debug|x86.Build.0 = Debug|Any CPU
		{D5B8D5A1-1A15-489C-8D2F-448A281B7D87}.Release|Any CPU.ActiveCfg = Release|Any CPU
		{D5B8D5A1-1A15-489C-8D2F-448A281B7D87}.Release|Any CPU.Build.0 = Release|Any CPU
		{D5B8D5A1-1A15-489C-8D2F-448A281B7D87}.Release|x64.ActiveCfg = Release|Any CPU
		{D5B8D5A1-1A15-489C-8D2F-448A281B7D87}.Release|x64.Build.0 = Release|Any CPU
		{D5B8D5A1-1A15-489C-8D2F-448A281B7D87}.Release|x86.ActiveCfg = Release|Any CPU
		{D5B8D5A1-1A15-489C-8D2F-448A281B7D87}.Release|x86.Build.0 = Release|Any CPU
		{C0CAB20E-001A-4AC5-A78E-C6E43B66F276}.Debug|Any CPU.ActiveCfg = Debug|Any CPU
		{C0CAB20E-001A-4AC5-A78E-C6E43B66F276}.Debug|Any CPU.Build.0 = Debug|Any CPU
		{C0CAB20E-001A-4AC5-A78E-C6E43B66F276}.Debug|x64.ActiveCfg = Debug|Any CPU
		{C0CAB20E-001A-4AC5-A78E-C6E43B66F276}.Debug|x64.Build.0 = Debug|Any CPU
		{C0CAB20E-001A-4AC5-A78E-C6E43B66F276}.Debug|x86.ActiveCfg = Debug|Any CPU
		{C0CAB20E-001A-4AC5-A78E-C6E43B66F276}.Debug|x86.Build.0 = Debug|Any CPU
		{C0CAB20E-001A-4AC5-A78E-C6E43B66F276}.Release|Any CPU.ActiveCfg = Release|Any CPU
		{C0CAB20E-001A-4AC5-A78E-C6E43B66F276}.Release|Any CPU.Build.0 = Release|Any CPU
		{C0CAB20E-001A-4AC5-A78E-C6E43B66F276}.Release|x64.ActiveCfg = Release|Any CPU
		{C0CAB20E-001A-4AC5-A78E-C6E43B66F276}.Release|x64.Build.0 = Release|Any CPU
		{C0CAB20E-001A-4AC5-A78E-C6E43B66F276}.Release|x86.ActiveCfg = Release|Any CPU
		{C0CAB20E-001A-4AC5-A78E-C6E43B66F276}.Release|x86.Build.0 = Release|Any CPU
		{A5397D01-3733-44B7-A985-7946D680CC91}.Debug|Any CPU.ActiveCfg = Debug|Any CPU
		{A5397D01-3733-44B7-A985-7946D680CC91}.Debug|Any CPU.Build.0 = Debug|Any CPU
		{A5397D01-3733-44B7-A985-7946D680CC91}.Debug|x64.ActiveCfg = Debug|Any CPU
		{A5397D01-3733-44B7-A985-7946D680CC91}.Debug|x64.Build.0 = Debug|Any CPU
		{A5397D01-3733-44B7-A985-7946D680CC91}.Debug|x86.ActiveCfg = Debug|Any CPU
		{A5397D01-3733-44B7-A985-7946D680CC91}.Debug|x86.Build.0 = Debug|Any CPU
		{A5397D01-3733-44B7-A985-7946D680CC91}.Release|Any CPU.ActiveCfg = Release|Any CPU
		{A5397D01-3733-44B7-A985-7946D680CC91}.Release|Any CPU.Build.0 = Release|Any CPU
		{A5397D01-3733-44B7-A985-7946D680CC91}.Release|x64.ActiveCfg = Release|Any CPU
		{A5397D01-3733-44B7-A985-7946D680CC91}.Release|x64.Build.0 = Release|Any CPU
		{A5397D01-3733-44B7-A985-7946D680CC91}.Release|x86.ActiveCfg = Release|Any CPU
		{A5397D01-3733-44B7-A985-7946D680CC91}.Release|x86.Build.0 = Release|Any CPU
		{338356AE-B80C-4CEE-A398-0F9B1ECC4D12}.Debug|Any CPU.ActiveCfg = Debug|Any CPU
		{338356AE-B80C-4CEE-A398-0F9B1ECC4D12}.Debug|Any CPU.Build.0 = Debug|Any CPU
		{338356AE-B80C-4CEE-A398-0F9B1ECC4D12}.Debug|x64.ActiveCfg = Debug|Any CPU
		{338356AE-B80C-4CEE-A398-0F9B1ECC4D12}.Debug|x64.Build.0 = Debug|Any CPU
		{338356AE-B80C-4CEE-A398-0F9B1ECC4D12}.Debug|x86.ActiveCfg = Debug|Any CPU
		{338356AE-B80C-4CEE-A398-0F9B1ECC4D12}.Debug|x86.Build.0 = Debug|Any CPU
		{338356AE-B80C-4CEE-A398-0F9B1ECC4D12}.Release|Any CPU.ActiveCfg = Release|Any CPU
		{338356AE-B80C-4CEE-A398-0F9B1ECC4D12}.Release|Any CPU.Build.0 = Release|Any CPU
		{338356AE-B80C-4CEE-A398-0F9B1ECC4D12}.Release|x64.ActiveCfg = Release|Any CPU
		{338356AE-B80C-4CEE-A398-0F9B1ECC4D12}.Release|x64.Build.0 = Release|Any CPU
		{338356AE-B80C-4CEE-A398-0F9B1ECC4D12}.Release|x86.ActiveCfg = Release|Any CPU
		{338356AE-B80C-4CEE-A398-0F9B1ECC4D12}.Release|x86.Build.0 = Release|Any CPU
		{EBD5FE92-7278-40B4-961D-D29B4E86AC07}.Debug|Any CPU.ActiveCfg = Debug|Any CPU
		{EBD5FE92-7278-40B4-961D-D29B4E86AC07}.Debug|Any CPU.Build.0 = Debug|Any CPU
		{EBD5FE92-7278-40B4-961D-D29B4E86AC07}.Debug|x64.ActiveCfg = Debug|Any CPU
		{EBD5FE92-7278-40B4-961D-D29B4E86AC07}.Debug|x64.Build.0 = Debug|Any CPU
		{EBD5FE92-7278-40B4-961D-D29B4E86AC07}.Debug|x86.ActiveCfg = Debug|Any CPU
		{EBD5FE92-7278-40B4-961D-D29B4E86AC07}.Debug|x86.Build.0 = Debug|Any CPU
		{EBD5FE92-7278-40B4-961D-D29B4E86AC07}.Release|Any CPU.ActiveCfg = Release|Any CPU
		{EBD5FE92-7278-40B4-961D-D29B4E86AC07}.Release|Any CPU.Build.0 = Release|Any CPU
		{EBD5FE92-7278-40B4-961D-D29B4E86AC07}.Release|x64.ActiveCfg = Release|Any CPU
		{EBD5FE92-7278-40B4-961D-D29B4E86AC07}.Release|x64.Build.0 = Release|Any CPU
		{EBD5FE92-7278-40B4-961D-D29B4E86AC07}.Release|x86.ActiveCfg = Release|Any CPU
		{EBD5FE92-7278-40B4-961D-D29B4E86AC07}.Release|x86.Build.0 = Release|Any CPU
		{89A0CB10-E018-4996-8C92-DC0F5464775E}.Debug|Any CPU.ActiveCfg = Debug|Any CPU
		{89A0CB10-E018-4996-8C92-DC0F5464775E}.Debug|Any CPU.Build.0 = Debug|Any CPU
		{89A0CB10-E018-4996-8C92-DC0F5464775E}.Debug|x64.ActiveCfg = Debug|Any CPU
		{89A0CB10-E018-4996-8C92-DC0F5464775E}.Debug|x64.Build.0 = Debug|Any CPU
		{89A0CB10-E018-4996-8C92-DC0F5464775E}.Debug|x86.ActiveCfg = Debug|Any CPU
		{89A0CB10-E018-4996-8C92-DC0F5464775E}.Debug|x86.Build.0 = Debug|Any CPU
		{89A0CB10-E018-4996-8C92-DC0F5464775E}.Release|Any CPU.ActiveCfg = Release|Any CPU
		{89A0CB10-E018-4996-8C92-DC0F5464775E}.Release|Any CPU.Build.0 = Release|Any CPU
		{89A0CB10-E018-4996-8C92-DC0F5464775E}.Release|x64.ActiveCfg = Release|Any CPU
		{89A0CB10-E018-4996-8C92-DC0F5464775E}.Release|x64.Build.0 = Release|Any CPU
		{89A0CB10-E018-4996-8C92-DC0F5464775E}.Release|x86.ActiveCfg = Release|Any CPU
		{89A0CB10-E018-4996-8C92-DC0F5464775E}.Release|x86.Build.0 = Release|Any CPU
		{82F7FDF4-AF5B-4460-811D-25B503191EE5}.Debug|Any CPU.ActiveCfg = Debug|Any CPU
		{82F7FDF4-AF5B-4460-811D-25B503191EE5}.Debug|Any CPU.Build.0 = Debug|Any CPU
		{82F7FDF4-AF5B-4460-811D-25B503191EE5}.Debug|x64.ActiveCfg = Debug|Any CPU
		{82F7FDF4-AF5B-4460-811D-25B503191EE5}.Debug|x64.Build.0 = Debug|Any CPU
		{82F7FDF4-AF5B-4460-811D-25B503191EE5}.Debug|x86.ActiveCfg = Debug|Any CPU
		{82F7FDF4-AF5B-4460-811D-25B503191EE5}.Debug|x86.Build.0 = Debug|Any CPU
		{82F7FDF4-AF5B-4460-811D-25B503191EE5}.Release|Any CPU.ActiveCfg = Release|Any CPU
		{82F7FDF4-AF5B-4460-811D-25B503191EE5}.Release|Any CPU.Build.0 = Release|Any CPU
		{82F7FDF4-AF5B-4460-811D-25B503191EE5}.Release|x64.ActiveCfg = Release|Any CPU
		{82F7FDF4-AF5B-4460-811D-25B503191EE5}.Release|x64.Build.0 = Release|Any CPU
		{82F7FDF4-AF5B-4460-811D-25B503191EE5}.Release|x86.ActiveCfg = Release|Any CPU
		{82F7FDF4-AF5B-4460-811D-25B503191EE5}.Release|x86.Build.0 = Release|Any CPU
		{35B47B53-82CA-4A98-B836-EDEB67D89431}.Debug|Any CPU.ActiveCfg = Debug|Any CPU
		{35B47B53-82CA-4A98-B836-EDEB67D89431}.Debug|Any CPU.Build.0 = Debug|Any CPU
		{35B47B53-82CA-4A98-B836-EDEB67D89431}.Debug|x64.ActiveCfg = Debug|Any CPU
		{35B47B53-82CA-4A98-B836-EDEB67D89431}.Debug|x64.Build.0 = Debug|Any CPU
		{35B47B53-82CA-4A98-B836-EDEB67D89431}.Debug|x86.ActiveCfg = Debug|Any CPU
		{35B47B53-82CA-4A98-B836-EDEB67D89431}.Debug|x86.Build.0 = Debug|Any CPU
		{35B47B53-82CA-4A98-B836-EDEB67D89431}.Release|Any CPU.ActiveCfg = Release|Any CPU
		{35B47B53-82CA-4A98-B836-EDEB67D89431}.Release|Any CPU.Build.0 = Release|Any CPU
		{35B47B53-82CA-4A98-B836-EDEB67D89431}.Release|x64.ActiveCfg = Release|Any CPU
		{35B47B53-82CA-4A98-B836-EDEB67D89431}.Release|x64.Build.0 = Release|Any CPU
		{35B47B53-82CA-4A98-B836-EDEB67D89431}.Release|x86.ActiveCfg = Release|Any CPU
		{35B47B53-82CA-4A98-B836-EDEB67D89431}.Release|x86.Build.0 = Release|Any CPU
		{F9B1C101-6679-414A-9F19-7184BCD9C2B4}.Debug|Any CPU.ActiveCfg = Debug|Any CPU
		{F9B1C101-6679-414A-9F19-7184BCD9C2B4}.Debug|Any CPU.Build.0 = Debug|Any CPU
		{F9B1C101-6679-414A-9F19-7184BCD9C2B4}.Debug|x64.ActiveCfg = Debug|Any CPU
		{F9B1C101-6679-414A-9F19-7184BCD9C2B4}.Debug|x64.Build.0 = Debug|Any CPU
		{F9B1C101-6679-414A-9F19-7184BCD9C2B4}.Debug|x86.ActiveCfg = Debug|Any CPU
		{F9B1C101-6679-414A-9F19-7184BCD9C2B4}.Debug|x86.Build.0 = Debug|Any CPU
		{F9B1C101-6679-414A-9F19-7184BCD9C2B4}.Release|Any CPU.ActiveCfg = Release|Any CPU
		{F9B1C101-6679-414A-9F19-7184BCD9C2B4}.Release|Any CPU.Build.0 = Release|Any CPU
		{F9B1C101-6679-414A-9F19-7184BCD9C2B4}.Release|x64.ActiveCfg = Release|Any CPU
		{F9B1C101-6679-414A-9F19-7184BCD9C2B4}.Release|x64.Build.0 = Release|Any CPU
		{F9B1C101-6679-414A-9F19-7184BCD9C2B4}.Release|x86.ActiveCfg = Release|Any CPU
		{F9B1C101-6679-414A-9F19-7184BCD9C2B4}.Release|x86.Build.0 = Release|Any CPU
		{CD879EA7-398F-4EE1-9289-88E82228A85D}.Debug|Any CPU.ActiveCfg = Debug|Any CPU
		{CD879EA7-398F-4EE1-9289-88E82228A85D}.Debug|Any CPU.Build.0 = Debug|Any CPU
		{CD879EA7-398F-4EE1-9289-88E82228A85D}.Debug|x64.ActiveCfg = Debug|Any CPU
		{CD879EA7-398F-4EE1-9289-88E82228A85D}.Debug|x64.Build.0 = Debug|Any CPU
		{CD879EA7-398F-4EE1-9289-88E82228A85D}.Debug|x86.ActiveCfg = Debug|Any CPU
		{CD879EA7-398F-4EE1-9289-88E82228A85D}.Debug|x86.Build.0 = Debug|Any CPU
		{CD879EA7-398F-4EE1-9289-88E82228A85D}.Release|Any CPU.ActiveCfg = Release|Any CPU
		{CD879EA7-398F-4EE1-9289-88E82228A85D}.Release|Any CPU.Build.0 = Release|Any CPU
		{CD879EA7-398F-4EE1-9289-88E82228A85D}.Release|x64.ActiveCfg = Release|Any CPU
		{CD879EA7-398F-4EE1-9289-88E82228A85D}.Release|x64.Build.0 = Release|Any CPU
		{CD879EA7-398F-4EE1-9289-88E82228A85D}.Release|x86.ActiveCfg = Release|Any CPU
		{CD879EA7-398F-4EE1-9289-88E82228A85D}.Release|x86.Build.0 = Release|Any CPU
		{58A8E7B2-02B0-4042-BE5E-5569263C57FF}.Debug|Any CPU.ActiveCfg = Debug|Any CPU
		{58A8E7B2-02B0-4042-BE5E-5569263C57FF}.Debug|Any CPU.Build.0 = Debug|Any CPU
		{58A8E7B2-02B0-4042-BE5E-5569263C57FF}.Debug|x64.ActiveCfg = Debug|Any CPU
		{58A8E7B2-02B0-4042-BE5E-5569263C57FF}.Debug|x64.Build.0 = Debug|Any CPU
		{58A8E7B2-02B0-4042-BE5E-5569263C57FF}.Debug|x86.ActiveCfg = Debug|Any CPU
		{58A8E7B2-02B0-4042-BE5E-5569263C57FF}.Debug|x86.Build.0 = Debug|Any CPU
		{58A8E7B2-02B0-4042-BE5E-5569263C57FF}.Release|Any CPU.ActiveCfg = Release|Any CPU
		{58A8E7B2-02B0-4042-BE5E-5569263C57FF}.Release|Any CPU.Build.0 = Release|Any CPU
		{58A8E7B2-02B0-4042-BE5E-5569263C57FF}.Release|x64.ActiveCfg = Release|Any CPU
		{58A8E7B2-02B0-4042-BE5E-5569263C57FF}.Release|x64.Build.0 = Release|Any CPU
		{58A8E7B2-02B0-4042-BE5E-5569263C57FF}.Release|x86.ActiveCfg = Release|Any CPU
		{58A8E7B2-02B0-4042-BE5E-5569263C57FF}.Release|x86.Build.0 = Release|Any CPU
		{00F75904-31BA-466B-8205-C3D92A6B6F96}.Debug|Any CPU.ActiveCfg = Debug|Any CPU
		{00F75904-31BA-466B-8205-C3D92A6B6F96}.Debug|Any CPU.Build.0 = Debug|Any CPU
		{00F75904-31BA-466B-8205-C3D92A6B6F96}.Debug|x64.ActiveCfg = Debug|Any CPU
		{00F75904-31BA-466B-8205-C3D92A6B6F96}.Debug|x64.Build.0 = Debug|Any CPU
		{00F75904-31BA-466B-8205-C3D92A6B6F96}.Debug|x86.ActiveCfg = Debug|Any CPU
		{00F75904-31BA-466B-8205-C3D92A6B6F96}.Debug|x86.Build.0 = Debug|Any CPU
		{00F75904-31BA-466B-8205-C3D92A6B6F96}.Release|Any CPU.ActiveCfg = Release|Any CPU
		{00F75904-31BA-466B-8205-C3D92A6B6F96}.Release|Any CPU.Build.0 = Release|Any CPU
		{00F75904-31BA-466B-8205-C3D92A6B6F96}.Release|x64.ActiveCfg = Release|Any CPU
		{00F75904-31BA-466B-8205-C3D92A6B6F96}.Release|x64.Build.0 = Release|Any CPU
		{00F75904-31BA-466B-8205-C3D92A6B6F96}.Release|x86.ActiveCfg = Release|Any CPU
		{00F75904-31BA-466B-8205-C3D92A6B6F96}.Release|x86.Build.0 = Release|Any CPU
		{08AE444D-7A1F-4855-9AAA-F5495F74019D}.Debug|Any CPU.ActiveCfg = Debug|Any CPU
		{08AE444D-7A1F-4855-9AAA-F5495F74019D}.Debug|Any CPU.Build.0 = Debug|Any CPU
		{08AE444D-7A1F-4855-9AAA-F5495F74019D}.Debug|x64.ActiveCfg = Debug|Any CPU
		{08AE444D-7A1F-4855-9AAA-F5495F74019D}.Debug|x64.Build.0 = Debug|Any CPU
		{08AE444D-7A1F-4855-9AAA-F5495F74019D}.Debug|x86.ActiveCfg = Debug|Any CPU
		{08AE444D-7A1F-4855-9AAA-F5495F74019D}.Debug|x86.Build.0 = Debug|Any CPU
		{08AE444D-7A1F-4855-9AAA-F5495F74019D}.Release|Any CPU.ActiveCfg = Release|Any CPU
		{08AE444D-7A1F-4855-9AAA-F5495F74019D}.Release|Any CPU.Build.0 = Release|Any CPU
		{08AE444D-7A1F-4855-9AAA-F5495F74019D}.Release|x64.ActiveCfg = Release|Any CPU
		{08AE444D-7A1F-4855-9AAA-F5495F74019D}.Release|x64.Build.0 = Release|Any CPU
		{08AE444D-7A1F-4855-9AAA-F5495F74019D}.Release|x86.ActiveCfg = Release|Any CPU
		{08AE444D-7A1F-4855-9AAA-F5495F74019D}.Release|x86.Build.0 = Release|Any CPU
		{20CE197E-F8FE-4B93-B300-629EAA808BA2}.Debug|Any CPU.ActiveCfg = Debug|Any CPU
		{20CE197E-F8FE-4B93-B300-629EAA808BA2}.Debug|Any CPU.Build.0 = Debug|Any CPU
		{20CE197E-F8FE-4B93-B300-629EAA808BA2}.Debug|x64.ActiveCfg = Debug|Any CPU
		{20CE197E-F8FE-4B93-B300-629EAA808BA2}.Debug|x64.Build.0 = Debug|Any CPU
		{20CE197E-F8FE-4B93-B300-629EAA808BA2}.Debug|x86.ActiveCfg = Debug|Any CPU
		{20CE197E-F8FE-4B93-B300-629EAA808BA2}.Debug|x86.Build.0 = Debug|Any CPU
		{20CE197E-F8FE-4B93-B300-629EAA808BA2}.Release|Any CPU.ActiveCfg = Release|Any CPU
		{20CE197E-F8FE-4B93-B300-629EAA808BA2}.Release|Any CPU.Build.0 = Release|Any CPU
		{20CE197E-F8FE-4B93-B300-629EAA808BA2}.Release|x64.ActiveCfg = Release|Any CPU
		{20CE197E-F8FE-4B93-B300-629EAA808BA2}.Release|x64.Build.0 = Release|Any CPU
		{20CE197E-F8FE-4B93-B300-629EAA808BA2}.Release|x86.ActiveCfg = Release|Any CPU
		{20CE197E-F8FE-4B93-B300-629EAA808BA2}.Release|x86.Build.0 = Release|Any CPU
		{22F14D12-9E61-4E87-A2BC-1F12C5767786}.Debug|Any CPU.ActiveCfg = Debug|Any CPU
		{22F14D12-9E61-4E87-A2BC-1F12C5767786}.Debug|Any CPU.Build.0 = Debug|Any CPU
		{22F14D12-9E61-4E87-A2BC-1F12C5767786}.Debug|x64.ActiveCfg = Debug|Any CPU
		{22F14D12-9E61-4E87-A2BC-1F12C5767786}.Debug|x64.Build.0 = Debug|Any CPU
		{22F14D12-9E61-4E87-A2BC-1F12C5767786}.Debug|x86.ActiveCfg = Debug|Any CPU
		{22F14D12-9E61-4E87-A2BC-1F12C5767786}.Debug|x86.Build.0 = Debug|Any CPU
		{22F14D12-9E61-4E87-A2BC-1F12C5767786}.Release|Any CPU.ActiveCfg = Release|Any CPU
		{22F14D12-9E61-4E87-A2BC-1F12C5767786}.Release|Any CPU.Build.0 = Release|Any CPU
		{22F14D12-9E61-4E87-A2BC-1F12C5767786}.Release|x64.ActiveCfg = Release|Any CPU
		{22F14D12-9E61-4E87-A2BC-1F12C5767786}.Release|x64.Build.0 = Release|Any CPU
		{22F14D12-9E61-4E87-A2BC-1F12C5767786}.Release|x86.ActiveCfg = Release|Any CPU
		{22F14D12-9E61-4E87-A2BC-1F12C5767786}.Release|x86.Build.0 = Release|Any CPU
		{FA6E831F-9377-4774-AC71-CDD096F92C54}.Debug|Any CPU.ActiveCfg = Debug|Any CPU
		{FA6E831F-9377-4774-AC71-CDD096F92C54}.Debug|Any CPU.Build.0 = Debug|Any CPU
		{FA6E831F-9377-4774-AC71-CDD096F92C54}.Debug|x64.ActiveCfg = Debug|Any CPU
		{FA6E831F-9377-4774-AC71-CDD096F92C54}.Debug|x64.Build.0 = Debug|Any CPU
		{FA6E831F-9377-4774-AC71-CDD096F92C54}.Debug|x86.ActiveCfg = Debug|Any CPU
		{FA6E831F-9377-4774-AC71-CDD096F92C54}.Debug|x86.Build.0 = Debug|Any CPU
		{FA6E831F-9377-4774-AC71-CDD096F92C54}.Release|Any CPU.ActiveCfg = Release|Any CPU
		{FA6E831F-9377-4774-AC71-CDD096F92C54}.Release|Any CPU.Build.0 = Release|Any CPU
		{FA6E831F-9377-4774-AC71-CDD096F92C54}.Release|x64.ActiveCfg = Release|Any CPU
		{FA6E831F-9377-4774-AC71-CDD096F92C54}.Release|x64.Build.0 = Release|Any CPU
		{FA6E831F-9377-4774-AC71-CDD096F92C54}.Release|x86.ActiveCfg = Release|Any CPU
		{FA6E831F-9377-4774-AC71-CDD096F92C54}.Release|x86.Build.0 = Release|Any CPU
		{6097192D-2768-4307-BA1A-841B9CBA21FB}.Debug|Any CPU.ActiveCfg = Debug|Any CPU
		{6097192D-2768-4307-BA1A-841B9CBA21FB}.Debug|Any CPU.Build.0 = Debug|Any CPU
		{6097192D-2768-4307-BA1A-841B9CBA21FB}.Debug|x64.ActiveCfg = Debug|Any CPU
		{6097192D-2768-4307-BA1A-841B9CBA21FB}.Debug|x64.Build.0 = Debug|Any CPU
		{6097192D-2768-4307-BA1A-841B9CBA21FB}.Debug|x86.ActiveCfg = Debug|Any CPU
		{6097192D-2768-4307-BA1A-841B9CBA21FB}.Debug|x86.Build.0 = Debug|Any CPU
		{6097192D-2768-4307-BA1A-841B9CBA21FB}.Release|Any CPU.ActiveCfg = Release|Any CPU
		{6097192D-2768-4307-BA1A-841B9CBA21FB}.Release|Any CPU.Build.0 = Release|Any CPU
		{6097192D-2768-4307-BA1A-841B9CBA21FB}.Release|x64.ActiveCfg = Release|Any CPU
		{6097192D-2768-4307-BA1A-841B9CBA21FB}.Release|x64.Build.0 = Release|Any CPU
		{6097192D-2768-4307-BA1A-841B9CBA21FB}.Release|x86.ActiveCfg = Release|Any CPU
		{6097192D-2768-4307-BA1A-841B9CBA21FB}.Release|x86.Build.0 = Release|Any CPU
		{AE41D2E4-D409-4D98-B74E-CA9540C79E5A}.Debug|Any CPU.ActiveCfg = Debug|Any CPU
		{AE41D2E4-D409-4D98-B74E-CA9540C79E5A}.Debug|Any CPU.Build.0 = Debug|Any CPU
		{AE41D2E4-D409-4D98-B74E-CA9540C79E5A}.Debug|x64.ActiveCfg = Debug|Any CPU
		{AE41D2E4-D409-4D98-B74E-CA9540C79E5A}.Debug|x64.Build.0 = Debug|Any CPU
		{AE41D2E4-D409-4D98-B74E-CA9540C79E5A}.Debug|x86.ActiveCfg = Debug|Any CPU
		{AE41D2E4-D409-4D98-B74E-CA9540C79E5A}.Debug|x86.Build.0 = Debug|Any CPU
		{AE41D2E4-D409-4D98-B74E-CA9540C79E5A}.Release|Any CPU.ActiveCfg = Release|Any CPU
		{AE41D2E4-D409-4D98-B74E-CA9540C79E5A}.Release|Any CPU.Build.0 = Release|Any CPU
		{AE41D2E4-D409-4D98-B74E-CA9540C79E5A}.Release|x64.ActiveCfg = Release|Any CPU
		{AE41D2E4-D409-4D98-B74E-CA9540C79E5A}.Release|x64.Build.0 = Release|Any CPU
		{AE41D2E4-D409-4D98-B74E-CA9540C79E5A}.Release|x86.ActiveCfg = Release|Any CPU
		{AE41D2E4-D409-4D98-B74E-CA9540C79E5A}.Release|x86.Build.0 = Release|Any CPU
		{06AFCCF9-7673-460E-8E4F-5771C7012A24}.Debug|Any CPU.ActiveCfg = Debug|Any CPU
		{06AFCCF9-7673-460E-8E4F-5771C7012A24}.Debug|Any CPU.Build.0 = Debug|Any CPU
		{06AFCCF9-7673-460E-8E4F-5771C7012A24}.Debug|x64.ActiveCfg = Debug|Any CPU
		{06AFCCF9-7673-460E-8E4F-5771C7012A24}.Debug|x64.Build.0 = Debug|Any CPU
		{06AFCCF9-7673-460E-8E4F-5771C7012A24}.Debug|x86.ActiveCfg = Debug|Any CPU
		{06AFCCF9-7673-460E-8E4F-5771C7012A24}.Debug|x86.Build.0 = Debug|Any CPU
		{06AFCCF9-7673-460E-8E4F-5771C7012A24}.Release|Any CPU.ActiveCfg = Release|Any CPU
		{06AFCCF9-7673-460E-8E4F-5771C7012A24}.Release|Any CPU.Build.0 = Release|Any CPU
		{06AFCCF9-7673-460E-8E4F-5771C7012A24}.Release|x64.ActiveCfg = Release|Any CPU
		{06AFCCF9-7673-460E-8E4F-5771C7012A24}.Release|x64.Build.0 = Release|Any CPU
		{06AFCCF9-7673-460E-8E4F-5771C7012A24}.Release|x86.ActiveCfg = Release|Any CPU
		{06AFCCF9-7673-460E-8E4F-5771C7012A24}.Release|x86.Build.0 = Release|Any CPU
		{AFF0CD60-DFD8-4EFB-80F9-508146CA3C53}.Debug|Any CPU.ActiveCfg = Debug|Any CPU
		{AFF0CD60-DFD8-4EFB-80F9-508146CA3C53}.Debug|Any CPU.Build.0 = Debug|Any CPU
		{AFF0CD60-DFD8-4EFB-80F9-508146CA3C53}.Debug|x64.ActiveCfg = Debug|Any CPU
		{AFF0CD60-DFD8-4EFB-80F9-508146CA3C53}.Debug|x64.Build.0 = Debug|Any CPU
		{AFF0CD60-DFD8-4EFB-80F9-508146CA3C53}.Debug|x86.ActiveCfg = Debug|Any CPU
		{AFF0CD60-DFD8-4EFB-80F9-508146CA3C53}.Debug|x86.Build.0 = Debug|Any CPU
		{AFF0CD60-DFD8-4EFB-80F9-508146CA3C53}.Release|Any CPU.ActiveCfg = Release|Any CPU
		{AFF0CD60-DFD8-4EFB-80F9-508146CA3C53}.Release|Any CPU.Build.0 = Release|Any CPU
		{AFF0CD60-DFD8-4EFB-80F9-508146CA3C53}.Release|x64.ActiveCfg = Release|Any CPU
		{AFF0CD60-DFD8-4EFB-80F9-508146CA3C53}.Release|x64.Build.0 = Release|Any CPU
		{AFF0CD60-DFD8-4EFB-80F9-508146CA3C53}.Release|x86.ActiveCfg = Release|Any CPU
		{AFF0CD60-DFD8-4EFB-80F9-508146CA3C53}.Release|x86.Build.0 = Release|Any CPU
		{BC0A1EEB-74D7-4D6A-9180-DD5E431A96E0}.Debug|Any CPU.ActiveCfg = Debug|Any CPU
		{BC0A1EEB-74D7-4D6A-9180-DD5E431A96E0}.Debug|Any CPU.Build.0 = Debug|Any CPU
		{BC0A1EEB-74D7-4D6A-9180-DD5E431A96E0}.Debug|x64.ActiveCfg = Debug|Any CPU
		{BC0A1EEB-74D7-4D6A-9180-DD5E431A96E0}.Debug|x64.Build.0 = Debug|Any CPU
		{BC0A1EEB-74D7-4D6A-9180-DD5E431A96E0}.Debug|x86.ActiveCfg = Debug|Any CPU
		{BC0A1EEB-74D7-4D6A-9180-DD5E431A96E0}.Debug|x86.Build.0 = Debug|Any CPU
		{BC0A1EEB-74D7-4D6A-9180-DD5E431A96E0}.Release|Any CPU.ActiveCfg = Release|Any CPU
		{BC0A1EEB-74D7-4D6A-9180-DD5E431A96E0}.Release|Any CPU.Build.0 = Release|Any CPU
		{BC0A1EEB-74D7-4D6A-9180-DD5E431A96E0}.Release|x64.ActiveCfg = Release|Any CPU
		{BC0A1EEB-74D7-4D6A-9180-DD5E431A96E0}.Release|x64.Build.0 = Release|Any CPU
		{BC0A1EEB-74D7-4D6A-9180-DD5E431A96E0}.Release|x86.ActiveCfg = Release|Any CPU
		{BC0A1EEB-74D7-4D6A-9180-DD5E431A96E0}.Release|x86.Build.0 = Release|Any CPU
		{0EA9928F-6384-4B17-8649-00B81BDC91BF}.Debug|Any CPU.ActiveCfg = Debug|Any CPU
		{0EA9928F-6384-4B17-8649-00B81BDC91BF}.Debug|Any CPU.Build.0 = Debug|Any CPU
		{0EA9928F-6384-4B17-8649-00B81BDC91BF}.Debug|x64.ActiveCfg = Debug|Any CPU
		{0EA9928F-6384-4B17-8649-00B81BDC91BF}.Debug|x64.Build.0 = Debug|Any CPU
		{0EA9928F-6384-4B17-8649-00B81BDC91BF}.Debug|x86.ActiveCfg = Debug|Any CPU
		{0EA9928F-6384-4B17-8649-00B81BDC91BF}.Debug|x86.Build.0 = Debug|Any CPU
		{0EA9928F-6384-4B17-8649-00B81BDC91BF}.Release|Any CPU.ActiveCfg = Release|Any CPU
		{0EA9928F-6384-4B17-8649-00B81BDC91BF}.Release|Any CPU.Build.0 = Release|Any CPU
		{0EA9928F-6384-4B17-8649-00B81BDC91BF}.Release|x64.ActiveCfg = Release|Any CPU
		{0EA9928F-6384-4B17-8649-00B81BDC91BF}.Release|x64.Build.0 = Release|Any CPU
		{0EA9928F-6384-4B17-8649-00B81BDC91BF}.Release|x86.ActiveCfg = Release|Any CPU
		{0EA9928F-6384-4B17-8649-00B81BDC91BF}.Release|x86.Build.0 = Release|Any CPU
	EndGlobalSection
	GlobalSection(SolutionProperties) = preSolution
		HideSolutionNode = FALSE
	EndGlobalSection
	GlobalSection(NestedProjects) = preSolution
		{CAEA2F99-2C54-4C7D-A7BB-CD3351C476B0} = {A41339B8-C769-4A33-BAA9-0C69F5389F3C}
		{61104F24-47A4-4A21-A64F-61B682D66289} = {A41339B8-C769-4A33-BAA9-0C69F5389F3C}
		{16C7E26E-C5E8-4041-B15E-343F4FE07569} = {0C213296-0575-4388-9A9E-6F367F286F1C}
		{AE8845FF-D49B-4650-B73A-1249D07B018A} = {0C213296-0575-4388-9A9E-6F367F286F1C}
		{BF5F2718-4502-4C11-9457-8A94BE05FDA9} = {0C213296-0575-4388-9A9E-6F367F286F1C}
		{0471852A-E87B-4511-B5A7-7F603C575DC9} = {0C213296-0575-4388-9A9E-6F367F286F1C}
		{CD56F4C6-7FB2-41C7-9449-D0B70C1F5309} = {A6FF0190-83D8-4230-93BB-0307DE69A083}
		{D5B8D5A1-1A15-489C-8D2F-448A281B7D87} = {A6FF0190-83D8-4230-93BB-0307DE69A083}
		{C0CAB20E-001A-4AC5-A78E-C6E43B66F276} = {0C213296-0575-4388-9A9E-6F367F286F1C}
		{A5397D01-3733-44B7-A985-7946D680CC91} = {A41339B8-C769-4A33-BAA9-0C69F5389F3C}
		{338356AE-B80C-4CEE-A398-0F9B1ECC4D12} = {0C213296-0575-4388-9A9E-6F367F286F1C}
		{EBD5FE92-7278-40B4-961D-D29B4E86AC07} = {9D810F23-9F6B-43C1-8EE7-4C4116802AFE}
		{89A0CB10-E018-4996-8C92-DC0F5464775E} = {9D810F23-9F6B-43C1-8EE7-4C4116802AFE}
		{82F7FDF4-AF5B-4460-811D-25B503191EE5} = {A6FF0190-83D8-4230-93BB-0307DE69A083}
		{35B47B53-82CA-4A98-B836-EDEB67D89431} = {3C28687E-B73F-4F38-B330-22871CCB32F6}
		{F9B1C101-6679-414A-9F19-7184BCD9C2B4} = {3478F068-A686-4309-891F-A2C59C8EA2BD}
		{CD879EA7-398F-4EE1-9289-88E82228A85D} = {3C28687E-B73F-4F38-B330-22871CCB32F6}
		{58A8E7B2-02B0-4042-BE5E-5569263C57FF} = {3478F068-A686-4309-891F-A2C59C8EA2BD}
		{00F75904-31BA-466B-8205-C3D92A6B6F96} = {3AD872E5-4677-4759-9DCD-85372D4CF974}
		{08AE444D-7A1F-4855-9AAA-F5495F74019D} = {B43E2A7E-CB26-4943-B29A-04FB37353F22}
		{20CE197E-F8FE-4B93-B300-629EAA808BA2} = {EAFBCCF3-F2D7-4B6F-8C00-EA8DDAA14DE9}
		{22F14D12-9E61-4E87-A2BC-1F12C5767786} = {B43E2A7E-CB26-4943-B29A-04FB37353F22}
		{FA6E831F-9377-4774-AC71-CDD096F92C54} = {A41339B8-C769-4A33-BAA9-0C69F5389F3C}
		{6097192D-2768-4307-BA1A-841B9CBA21FB} = {FDC825A7-ED86-4B84-8A1C-3FAA9AB8D955}
		{AE41D2E4-D409-4D98-B74E-CA9540C79E5A} = {FDC825A7-ED86-4B84-8A1C-3FAA9AB8D955}
		{06AFCCF9-7673-460E-8E4F-5771C7012A24} = {9ED6CF78-59F2-4CF8-90F1-7CD9953C1D65}
		{AFF0CD60-DFD8-4EFB-80F9-508146CA3C53} = {9ED6CF78-59F2-4CF8-90F1-7CD9953C1D65}
		{BC0A1EEB-74D7-4D6A-9180-DD5E431A96E0} = {FEA5F602-4007-4740-9E87-02FA8FD21341}
		{0EA9928F-6384-4B17-8649-00B81BDC91BF} = {FEA5F602-4007-4740-9E87-02FA8FD21341}
	EndGlobalSection
	GlobalSection(ExtensibilityGlobals) = postSolution
		SolutionGuid = {7DE9592B-21B7-4EAA-A52D-1D9B6388C103}
	EndGlobalSection
EndGlobal
