
Microsoft Visual Studio Solution File, Format Version 12.00
# Visual Studio Version 16
VisualStudioVersion = 16.0.31624.102
MinimumVisualStudioVersion = 10.0.40219.1
Project("{9A19103F-16F7-4668-BE54-9A1E7A4F7556}") = "ShenBanReader", "ShenBanReader\ShenBanReader.csproj", "{23840EDF-5EEC-4B50-90F4-4CAD3304903B}"
EndProject
Global
	GlobalSection(SolutionConfigurationPlatforms) = preSolution
		Debug|Any CPU = Debug|Any CPU
		Release|Any CPU = Release|Any CPU
	EndGlobalSection
	GlobalSection(ProjectConfigurationPlatforms) = postSolution
		{23840EDF-5EEC-4B50-90F4-4CAD3304903B}.Debug|Any CPU.ActiveCfg = Debug|Any CPU
		{23840EDF-5EEC-4B50-90F4-4CAD3304903B}.Debug|Any CPU.Build.0 = Debug|Any CPU
		{23840EDF-5EEC-4B50-90F4-4CAD3304903B}.Release|Any CPU.ActiveCfg = Release|Any CPU
		{23840EDF-5EEC-4B50-90F4-4CAD3304903B}.Release|Any CPU.Build.0 = Release|Any CPU
	EndGlobalSection
	GlobalSection(SolutionProperties) = preSolution
		HideSolutionNode = FALSE
	EndGlobalSection
	GlobalSection(ExtensibilityGlobals) = postSolution
		SolutionGuid = {7DE9592B-21B7-4EAA-A52D-1D9B6388C103}
	EndGlobalSection
EndGlobal
